// !$*UTF8*$!
{
	archiveVersion = 1;
	classes = {
	};
	objectVersion = 48;
	objects = {

/* Begin PBXBuildFile section */
		338B1A32FA76FEE411E6CACA /* Pods_GoDj_GoDjTests.framework in Frameworks */ = {isa = PBXBuildFile; fileRef = 7CFBA91C9BEC3C40096BFE84 /* Pods_GoDj_GoDjTests.framework */; };
		3E4C1DFF35804D4DA567835B /* Pods_GoDjUITests.framework in Frameworks */ = {isa = PBXBuildFile; fileRef = 33C94588925389F02DCED4ED /* Pods_GoDjUITests.framework */; };
		4486E920311C2E2516CAB98A /* Pods_GoDjTests.framework in Frameworks */ = {isa = PBXBuildFile; fileRef = 1ADF19C9BF4F02AF44CA03E7 /* Pods_GoDjTests.framework */; };
		841EA9BB1FD39DEB00DA1BA8 /* GoogleService-Info.plist in Resources */ = {isa = PBXBuildFile; fileRef = 841EA9BA1FD39DEA00DA1BA8 /* GoogleService-Info.plist */; };
		841EA9BD1FD3A37F00DA1BA8 /* TCViewController.swift in Sources */ = {isa = PBXBuildFile; fileRef = 841EA9BC1FD3A37F00DA1BA8 /* TCViewController.swift */; };
		841EA9C01FD3B58B00DA1BA8 /* contractProposal.pdf in Resources */ = {isa = PBXBuildFile; fileRef = 841EA9BF1FD3B58B00DA1BA8 /* contractProposal.pdf */; };
		841EA9C21FD3B8A100DA1BA8 /* closeBtn.png in Resources */ = {isa = PBXBuildFile; fileRef = 841EA9C11FD3B8A000DA1BA8 /* closeBtn.png */; };
		84634B6D1FD3000000B47737 /* navBarBG.png in Resources */ = {isa = PBXBuildFile; fileRef = 84634B581FD2FFFB00B47737 /* navBarBG.png */; };
		84634B6E1FD3000000B47737 /* bg.png in Resources */ = {isa = PBXBuildFile; fileRef = 84634B591FD2FFFB00B47737 /* bg.png */; };
		84634B6F1FD3000000B47737 /* errorBoxBG.png in Resources */ = {isa = PBXBuildFile; fileRef = 84634B5A1FD2FFFB00B47737 /* errorBoxBG.png */; };
		84634B701FD3000000B47737 /* notUserLogin.png in Resources */ = {isa = PBXBuildFile; fileRef = 84634B5B1FD2FFFC00B47737 /* notUserLogin.png */; };
		84634B711FD3000000B47737 /* fUsrnmBtn.png in Resources */ = {isa = PBXBuildFile; fileRef = 84634B5C1FD2FFFC00B47737 /* fUsrnmBtn.png */; };
		84634B721FD3000000B47737 /* signUpBG.png in Resources */ = {isa = PBXBuildFile; fileRef = 84634B5D1FD2FFFC00B47737 /* signUpBG.png */; };
		84634B731FD3000000B47737 /* setupBtn.png in Resources */ = {isa = PBXBuildFile; fileRef = 84634B5E1FD2FFFC00B47737 /* setupBtn.png */; };
		84634B741FD3000000B47737 /* checkmarkB.png in Resources */ = {isa = PBXBuildFile; fileRef = 84634B5F1FD2FFFC00B47737 /* checkmarkB.png */; };
		84634B751FD3000000B47737 /* menuBtn.png in Resources */ = {isa = PBXBuildFile; fileRef = 84634B601FD2FFFC00B47737 /* menuBtn.png */; };
		84634B761FD3000000B47737 /* fPswBtn.png in Resources */ = {isa = PBXBuildFile; fileRef = 84634B611FD2FFFD00B47737 /* fPswBtn.png */; };
		84634B771FD3000000B47737 /* titleBG.png in Resources */ = {isa = PBXBuildFile; fileRef = 84634B621FD2FFFD00B47737 /* titleBG.png */; };
		84634B781FD3000000B47737 /* signUpBtn2.png in Resources */ = {isa = PBXBuildFile; fileRef = 84634B631FD2FFFD00B47737 /* signUpBtn2.png */; };
		84634B791FD3000000B47737 /* nextBtn.png in Resources */ = {isa = PBXBuildFile; fileRef = 84634B641FD2FFFD00B47737 /* nextBtn.png */; };
		84634B7A1FD3000000B47737 /* checkBox.png in Resources */ = {isa = PBXBuildFile; fileRef = 84634B651FD2FFFD00B47737 /* checkBox.png */; };
		84634B7B1FD3000000B47737 /* submitButton.png in Resources */ = {isa = PBXBuildFile; fileRef = 84634B661FD2FFFD00B47737 /* submitButton.png */; };
		84634B7C1FD3000000B47737 /* checkmark.png in Resources */ = {isa = PBXBuildFile; fileRef = 84634B671FD2FFFE00B47737 /* checkmark.png */; };
		84634B7D1FD3000000B47737 /* logo.png in Resources */ = {isa = PBXBuildFile; fileRef = 84634B681FD2FFFE00B47737 /* logo.png */; };
		84634B7E1FD3000000B47737 /* signUpBtn.png in Resources */ = {isa = PBXBuildFile; fileRef = 84634B691FD2FFFE00B47737 /* signUpBtn.png */; };
		84634B801FD3000000B47737 /* tcCellBG.png in Resources */ = {isa = PBXBuildFile; fileRef = 84634B6B1FD2FFFF00B47737 /* tcCellBG.png */; };
		84634B811FD3000000B47737 /* uploadPicBtn.png in Resources */ = {isa = PBXBuildFile; fileRef = 84634B6C1FD3000000B47737 /* uploadPicBtn.png */; };
		84634B891FD3178000B47737 /* dropDown.png in Resources */ = {isa = PBXBuildFile; fileRef = 84634B881FD3177F00B47737 /* dropDown.png */; };
		846E40DB1FDDE85900ED0EA9 /* SignUpView.swift in Sources */ = {isa = PBXBuildFile; fileRef = 846E40DA1FDDE85900ED0EA9 /* SignUpView.swift */; };
		846E40DD1FDDE86700ED0EA9 /* ForgotUsernameView.swift in Sources */ = {isa = PBXBuildFile; fileRef = 846E40DC1FDDE86700ED0EA9 /* ForgotUsernameView.swift */; };
		846E40DF1FDDE87600ED0EA9 /* ForgotPasswordView.swift in Sources */ = {isa = PBXBuildFile; fileRef = 846E40DE1FDDE87600ED0EA9 /* ForgotPasswordView.swift */; };
		84B7E4121FD90F3A0099C681 /* bar.png in Resources */ = {isa = PBXBuildFile; fileRef = 84B7E40F1FD90F390099C681 /* bar.png */; };
		84B7E4131FD90F3A0099C681 /* slide.png in Resources */ = {isa = PBXBuildFile; fileRef = 84B7E4101FD90F390099C681 /* slide.png */; };
		84B7E4141FD90F3A0099C681 /* loginBtn.png in Resources */ = {isa = PBXBuildFile; fileRef = 84B7E4111FD90F3A0099C681 /* loginBtn.png */; };
		84B7E4161FD911E80099C681 /* gdTitle.png in Resources */ = {isa = PBXBuildFile; fileRef = 84B7E4151FD911E80099C681 /* gdTitle.png */; };
		84B7E4181FD940150099C681 /* disc.png in Resources */ = {isa = PBXBuildFile; fileRef = 84B7E4171FD940150099C681 /* disc.png */; };
		960495641FE1FD0300945FCD /* HomeViewController.swift in Sources */ = {isa = PBXBuildFile; fileRef = 960495631FE1FD0300945FCD /* HomeViewController.swift */; };
		96435C7D1FD1ECA800E87BA3 /* TextFieldView.swift in Sources */ = {isa = PBXBuildFile; fileRef = 96435C7C1FD1ECA800E87BA3 /* TextFieldView.swift */; };
		9646485E1FE5DB7C002F4C2D /* LeftSideMenuViewController.swift in Sources */ = {isa = PBXBuildFile; fileRef = 9646485D1FE5DB7C002F4C2D /* LeftSideMenuViewController.swift */; };
		964648601FE5DC03002F4C2D /* LeftSideMenuTableViewCell.swift in Sources */ = {isa = PBXBuildFile; fileRef = 9646485F1FE5DC03002F4C2D /* LeftSideMenuTableViewCell.swift */; };
		964648621FE5DD1D002F4C2D /* ViewController.swift in Sources */ = {isa = PBXBuildFile; fileRef = 964648611FE5DD1D002F4C2D /* ViewController.swift */; };
		964648641FE5DDB2002F4C2D /* RightSlideMenuViewController.swift in Sources */ = {isa = PBXBuildFile; fileRef = 964648631FE5DDB2002F4C2D /* RightSlideMenuViewController.swift */; };
		964648661FE5DDE9002F4C2D /* RightSlideMenuTableViewCell.swift in Sources */ = {isa = PBXBuildFile; fileRef = 964648651FE5DDE9002F4C2D /* RightSlideMenuTableViewCell.swift */; };
		9646486C1FE750B9002F4C2D /* SettingsViewController.swift in Sources */ = {isa = PBXBuildFile; fileRef = 9646486B1FE750B9002F4C2D /* SettingsViewController.swift */; };
		969F3CF71FD394640054639C /* ColorCode.swift in Sources */ = {isa = PBXBuildFile; fileRef = 969F3CF61FD394630054639C /* ColorCode.swift */; };
		969F3CF91FD451EE0054639C /* DJ.swift in Sources */ = {isa = PBXBuildFile; fileRef = 969F3CF81FD451EE0054639C /* DJ.swift */; };
		969F3CFB1FD45A730054639C /* Client.swift in Sources */ = {isa = PBXBuildFile; fileRef = 969F3CFA1FD45A730054639C /* Client.swift */; };
		96B8E8141FE5CD23009B6EE8 /* DJViewController.swift in Sources */ = {isa = PBXBuildFile; fileRef = 96B8E8131FE5CD23009B6EE8 /* DJViewController.swift */; };
		96C496E31FDE63AB003087DF /* FirebaseValidation.swift in Sources */ = {isa = PBXBuildFile; fileRef = 96C496E21FDE63AB003087DF /* FirebaseValidation.swift */; };
		96F164B31FE5CFBF00E327B6 /* SWRevealViewController.m in Sources */ = {isa = PBXBuildFile; fileRef = 96F164B11FE5CFBE00E327B6 /* SWRevealViewController.m */; };
		96F22A7C1FCCFF3600C5486D /* AppDelegate.swift in Sources */ = {isa = PBXBuildFile; fileRef = 96F22A7B1FCCFF3600C5486D /* AppDelegate.swift */; };
		96F22A811FCCFF3600C5486D /* Main.storyboard in Resources */ = {isa = PBXBuildFile; fileRef = 96F22A7F1FCCFF3600C5486D /* Main.storyboard */; };
		96F22A831FCCFF3600C5486D /* Assets.xcassets in Resources */ = {isa = PBXBuildFile; fileRef = 96F22A821FCCFF3600C5486D /* Assets.xcassets */; };
		96F22A861FCCFF3600C5486D /* LaunchScreen.storyboard in Resources */ = {isa = PBXBuildFile; fileRef = 96F22A841FCCFF3600C5486D /* LaunchScreen.storyboard */; };
		96F22A911FCCFF3600C5486D /* GoDjTests.swift in Sources */ = {isa = PBXBuildFile; fileRef = 96F22A901FCCFF3600C5486D /* GoDjTests.swift */; };
		96F22A9C1FCCFF3600C5486D /* GoDjUITests.swift in Sources */ = {isa = PBXBuildFile; fileRef = 96F22A9B1FCCFF3600C5486D /* GoDjUITests.swift */; };
		E61C32E243A01327E714E886 /* Pods_GoDj.framework in Frameworks */ = {isa = PBXBuildFile; fileRef = 4A6C9C53750D4EFBF3739884 /* Pods_GoDj.framework */; };
/* End PBXBuildFile section */

/* Begin PBXContainerItemProxy section */
		96F22A8D1FCCFF3600C5486D /* PBXContainerItemProxy */ = {
			isa = PBXContainerItemProxy;
			containerPortal = 96F22A701FCCFF3500C5486D /* Project object */;
			proxyType = 1;
			remoteGlobalIDString = 96F22A771FCCFF3600C5486D;
			remoteInfo = GoDj;
		};
		96F22A981FCCFF3600C5486D /* PBXContainerItemProxy */ = {
			isa = PBXContainerItemProxy;
			containerPortal = 96F22A701FCCFF3500C5486D /* Project object */;
			proxyType = 1;
			remoteGlobalIDString = 96F22A771FCCFF3600C5486D;
			remoteInfo = GoDj;
		};
/* End PBXContainerItemProxy section */

/* Begin PBXFileReference section */
		065DC422A7BF7B2DEBF3C91D /* Pods-GoDj.release.xcconfig */ = {isa = PBXFileReference; includeInIndex = 1; lastKnownFileType = text.xcconfig; name = "Pods-GoDj.release.xcconfig"; path = "Pods/Target Support Files/Pods-GoDj/Pods-GoDj.release.xcconfig"; sourceTree = "<group>"; };
		096B0B75EF986F9A703138BD /* Pods-GoDj-GoDjTests.debug.xcconfig */ = {isa = PBXFileReference; includeInIndex = 1; lastKnownFileType = text.xcconfig; name = "Pods-GoDj-GoDjTests.debug.xcconfig"; path = "Pods/Target Support Files/Pods-GoDj-GoDjTests/Pods-GoDj-GoDjTests.debug.xcconfig"; sourceTree = "<group>"; };
		0DB6A0B8C0C5EDDB5EDBC2AF /* Pods-GoDjUITests.release.xcconfig */ = {isa = PBXFileReference; includeInIndex = 1; lastKnownFileType = text.xcconfig; name = "Pods-GoDjUITests.release.xcconfig"; path = "Pods/Target Support Files/Pods-GoDjUITests/Pods-GoDjUITests.release.xcconfig"; sourceTree = "<group>"; };
		1ADF19C9BF4F02AF44CA03E7 /* Pods_GoDjTests.framework */ = {isa = PBXFileReference; explicitFileType = wrapper.framework; includeInIndex = 0; path = Pods_GoDjTests.framework; sourceTree = BUILT_PRODUCTS_DIR; };
		2D14374D5F50085382780D8F /* Pods-GoDjUITests.debug.xcconfig */ = {isa = PBXFileReference; includeInIndex = 1; lastKnownFileType = text.xcconfig; name = "Pods-GoDjUITests.debug.xcconfig"; path = "Pods/Target Support Files/Pods-GoDjUITests/Pods-GoDjUITests.debug.xcconfig"; sourceTree = "<group>"; };
		33C94588925389F02DCED4ED /* Pods_GoDjUITests.framework */ = {isa = PBXFileReference; explicitFileType = wrapper.framework; includeInIndex = 0; path = Pods_GoDjUITests.framework; sourceTree = BUILT_PRODUCTS_DIR; };
		4A6C9C53750D4EFBF3739884 /* Pods_GoDj.framework */ = {isa = PBXFileReference; explicitFileType = wrapper.framework; includeInIndex = 0; path = Pods_GoDj.framework; sourceTree = BUILT_PRODUCTS_DIR; };
		7CFBA91C9BEC3C40096BFE84 /* Pods_GoDj_GoDjTests.framework */ = {isa = PBXFileReference; explicitFileType = wrapper.framework; includeInIndex = 0; path = Pods_GoDj_GoDjTests.framework; sourceTree = BUILT_PRODUCTS_DIR; };
		7EBD3CCB03FBE149E7BD8719 /* Pods-GoDjTests.release.xcconfig */ = {isa = PBXFileReference; includeInIndex = 1; lastKnownFileType = text.xcconfig; name = "Pods-GoDjTests.release.xcconfig"; path = "Pods/Target Support Files/Pods-GoDjTests/Pods-GoDjTests.release.xcconfig"; sourceTree = "<group>"; };
		841EA9BA1FD39DEA00DA1BA8 /* GoogleService-Info.plist */ = {isa = PBXFileReference; fileEncoding = 4; lastKnownFileType = text.plist.xml; path = "GoogleService-Info.plist"; sourceTree = SOURCE_ROOT; };
		841EA9BC1FD3A37F00DA1BA8 /* TCViewController.swift */ = {isa = PBXFileReference; lastKnownFileType = sourcecode.swift; path = TCViewController.swift; sourceTree = "<group>"; };
		841EA9BF1FD3B58B00DA1BA8 /* contractProposal.pdf */ = {isa = PBXFileReference; lastKnownFileType = image.pdf; name = contractProposal.pdf; path = GoDj/PDFs/contractProposal.pdf; sourceTree = SOURCE_ROOT; };
		841EA9C11FD3B8A000DA1BA8 /* closeBtn.png */ = {isa = PBXFileReference; lastKnownFileType = image.png; path = closeBtn.png; sourceTree = "<group>"; };
		84634B581FD2FFFB00B47737 /* navBarBG.png */ = {isa = PBXFileReference; lastKnownFileType = image.png; path = navBarBG.png; sourceTree = "<group>"; };
		84634B591FD2FFFB00B47737 /* bg.png */ = {isa = PBXFileReference; lastKnownFileType = image.png; path = bg.png; sourceTree = "<group>"; };
		84634B5A1FD2FFFB00B47737 /* errorBoxBG.png */ = {isa = PBXFileReference; lastKnownFileType = image.png; path = errorBoxBG.png; sourceTree = "<group>"; };
		84634B5B1FD2FFFC00B47737 /* notUserLogin.png */ = {isa = PBXFileReference; lastKnownFileType = image.png; path = notUserLogin.png; sourceTree = "<group>"; };
		84634B5C1FD2FFFC00B47737 /* fUsrnmBtn.png */ = {isa = PBXFileReference; lastKnownFileType = image.png; path = fUsrnmBtn.png; sourceTree = "<group>"; };
		84634B5D1FD2FFFC00B47737 /* signUpBG.png */ = {isa = PBXFileReference; lastKnownFileType = image.png; path = signUpBG.png; sourceTree = "<group>"; };
		84634B5E1FD2FFFC00B47737 /* setupBtn.png */ = {isa = PBXFileReference; lastKnownFileType = image.png; path = setupBtn.png; sourceTree = "<group>"; };
		84634B5F1FD2FFFC00B47737 /* checkmarkB.png */ = {isa = PBXFileReference; lastKnownFileType = image.png; path = checkmarkB.png; sourceTree = "<group>"; };
		84634B601FD2FFFC00B47737 /* menuBtn.png */ = {isa = PBXFileReference; lastKnownFileType = image.png; path = menuBtn.png; sourceTree = "<group>"; };
		84634B611FD2FFFD00B47737 /* fPswBtn.png */ = {isa = PBXFileReference; lastKnownFileType = image.png; path = fPswBtn.png; sourceTree = "<group>"; };
		84634B621FD2FFFD00B47737 /* titleBG.png */ = {isa = PBXFileReference; lastKnownFileType = image.png; path = titleBG.png; sourceTree = "<group>"; };
		84634B631FD2FFFD00B47737 /* signUpBtn2.png */ = {isa = PBXFileReference; lastKnownFileType = image.png; path = signUpBtn2.png; sourceTree = "<group>"; };
		84634B641FD2FFFD00B47737 /* nextBtn.png */ = {isa = PBXFileReference; lastKnownFileType = image.png; path = nextBtn.png; sourceTree = "<group>"; };
		84634B651FD2FFFD00B47737 /* checkBox.png */ = {isa = PBXFileReference; lastKnownFileType = image.png; path = checkBox.png; sourceTree = "<group>"; };
		84634B661FD2FFFD00B47737 /* submitButton.png */ = {isa = PBXFileReference; lastKnownFileType = image.png; path = submitButton.png; sourceTree = "<group>"; };
		84634B671FD2FFFE00B47737 /* checkmark.png */ = {isa = PBXFileReference; lastKnownFileType = image.png; path = checkmark.png; sourceTree = "<group>"; };
		84634B681FD2FFFE00B47737 /* logo.png */ = {isa = PBXFileReference; lastKnownFileType = image.png; path = logo.png; sourceTree = "<group>"; };
		84634B691FD2FFFE00B47737 /* signUpBtn.png */ = {isa = PBXFileReference; lastKnownFileType = image.png; path = signUpBtn.png; sourceTree = "<group>"; };
		84634B6B1FD2FFFF00B47737 /* tcCellBG.png */ = {isa = PBXFileReference; lastKnownFileType = image.png; path = tcCellBG.png; sourceTree = "<group>"; };
		84634B6C1FD3000000B47737 /* uploadPicBtn.png */ = {isa = PBXFileReference; lastKnownFileType = image.png; path = uploadPicBtn.png; sourceTree = "<group>"; };
		84634B881FD3177F00B47737 /* dropDown.png */ = {isa = PBXFileReference; lastKnownFileType = image.png; path = dropDown.png; sourceTree = "<group>"; };
		846E40DA1FDDE85900ED0EA9 /* SignUpView.swift */ = {isa = PBXFileReference; lastKnownFileType = sourcecode.swift; path = SignUpView.swift; sourceTree = "<group>"; };
		846E40DC1FDDE86700ED0EA9 /* ForgotUsernameView.swift */ = {isa = PBXFileReference; lastKnownFileType = sourcecode.swift; path = ForgotUsernameView.swift; sourceTree = "<group>"; };
		846E40DE1FDDE87600ED0EA9 /* ForgotPasswordView.swift */ = {isa = PBXFileReference; lastKnownFileType = sourcecode.swift; path = ForgotPasswordView.swift; sourceTree = "<group>"; };
		84B7E40F1FD90F390099C681 /* bar.png */ = {isa = PBXFileReference; lastKnownFileType = image.png; path = bar.png; sourceTree = "<group>"; };
		84B7E4101FD90F390099C681 /* slide.png */ = {isa = PBXFileReference; lastKnownFileType = image.png; path = slide.png; sourceTree = "<group>"; };
		84B7E4111FD90F3A0099C681 /* loginBtn.png */ = {isa = PBXFileReference; lastKnownFileType = image.png; path = loginBtn.png; sourceTree = "<group>"; };
		84B7E4151FD911E80099C681 /* gdTitle.png */ = {isa = PBXFileReference; lastKnownFileType = image.png; path = gdTitle.png; sourceTree = "<group>"; };
		84B7E4171FD940150099C681 /* disc.png */ = {isa = PBXFileReference; lastKnownFileType = image.png; path = disc.png; sourceTree = "<group>"; };
		960495631FE1FD0300945FCD /* HomeViewController.swift */ = {isa = PBXFileReference; fileEncoding = 4; lastKnownFileType = sourcecode.swift; path = HomeViewController.swift; sourceTree = "<group>"; };
		96435C7C1FD1ECA800E87BA3 /* TextFieldView.swift */ = {isa = PBXFileReference; lastKnownFileType = sourcecode.swift; path = TextFieldView.swift; sourceTree = "<group>"; };
		9646485D1FE5DB7C002F4C2D /* LeftSideMenuViewController.swift */ = {isa = PBXFileReference; lastKnownFileType = sourcecode.swift; path = LeftSideMenuViewController.swift; sourceTree = "<group>"; };
		9646485F1FE5DC03002F4C2D /* LeftSideMenuTableViewCell.swift */ = {isa = PBXFileReference; lastKnownFileType = sourcecode.swift; path = LeftSideMenuTableViewCell.swift; sourceTree = "<group>"; };
		964648611FE5DD1D002F4C2D /* ViewController.swift */ = {isa = PBXFileReference; lastKnownFileType = sourcecode.swift; path = ViewController.swift; sourceTree = "<group>"; };
		964648631FE5DDB2002F4C2D /* RightSlideMenuViewController.swift */ = {isa = PBXFileReference; lastKnownFileType = sourcecode.swift; path = RightSlideMenuViewController.swift; sourceTree = "<group>"; };
		964648651FE5DDE9002F4C2D /* RightSlideMenuTableViewCell.swift */ = {isa = PBXFileReference; lastKnownFileType = sourcecode.swift; path = RightSlideMenuTableViewCell.swift; sourceTree = "<group>"; };
		9646486B1FE750B9002F4C2D /* SettingsViewController.swift */ = {isa = PBXFileReference; lastKnownFileType = sourcecode.swift; path = SettingsViewController.swift; sourceTree = "<group>"; };
		969F3CF61FD394630054639C /* ColorCode.swift */ = {isa = PBXFileReference; fileEncoding = 4; lastKnownFileType = sourcecode.swift; path = ColorCode.swift; sourceTree = "<group>"; };
		969F3CF81FD451EE0054639C /* DJ.swift */ = {isa = PBXFileReference; lastKnownFileType = sourcecode.swift; path = DJ.swift; sourceTree = "<group>"; };
		969F3CFA1FD45A730054639C /* Client.swift */ = {isa = PBXFileReference; lastKnownFileType = sourcecode.swift; path = Client.swift; sourceTree = "<group>"; };
		96B8E80A1FE58ECB009B6EE8 /* GoDj-Bridging-Header.h */ = {isa = PBXFileReference; lastKnownFileType = sourcecode.c.h; path = "GoDj-Bridging-Header.h"; sourceTree = "<group>"; };
		96B8E8131FE5CD23009B6EE8 /* DJViewController.swift */ = {isa = PBXFileReference; lastKnownFileType = sourcecode.swift; path = DJViewController.swift; sourceTree = "<group>"; };
		96C496E21FDE63AB003087DF /* FirebaseValidation.swift */ = {isa = PBXFileReference; lastKnownFileType = sourcecode.swift; path = FirebaseValidation.swift; sourceTree = "<group>"; };
		96F164B11FE5CFBE00E327B6 /* SWRevealViewController.m */ = {isa = PBXFileReference; fileEncoding = 4; lastKnownFileType = sourcecode.c.objc; path = SWRevealViewController.m; sourceTree = "<group>"; };
		96F164B21FE5CFBF00E327B6 /* SWRevealViewController.h */ = {isa = PBXFileReference; fileEncoding = 4; lastKnownFileType = sourcecode.c.h; path = SWRevealViewController.h; sourceTree = "<group>"; };
		96F22A781FCCFF3600C5486D /* GoDj.app */ = {isa = PBXFileReference; explicitFileType = wrapper.application; includeInIndex = 0; path = GoDj.app; sourceTree = BUILT_PRODUCTS_DIR; };
		96F22A7B1FCCFF3600C5486D /* AppDelegate.swift */ = {isa = PBXFileReference; lastKnownFileType = sourcecode.swift; path = AppDelegate.swift; sourceTree = "<group>"; };
		96F22A801FCCFF3600C5486D /* Base */ = {isa = PBXFileReference; lastKnownFileType = file.storyboard; name = Base; path = Base.lproj/Main.storyboard; sourceTree = "<group>"; };
		96F22A821FCCFF3600C5486D /* Assets.xcassets */ = {isa = PBXFileReference; lastKnownFileType = folder.assetcatalog; path = Assets.xcassets; sourceTree = "<group>"; };
		96F22A851FCCFF3600C5486D /* Base */ = {isa = PBXFileReference; lastKnownFileType = file.storyboard; name = Base; path = Base.lproj/LaunchScreen.storyboard; sourceTree = "<group>"; };
		96F22A871FCCFF3600C5486D /* Info.plist */ = {isa = PBXFileReference; lastKnownFileType = text.plist.xml; path = Info.plist; sourceTree = "<group>"; };
		96F22A8C1FCCFF3600C5486D /* GoDjTests.xctest */ = {isa = PBXFileReference; explicitFileType = wrapper.cfbundle; includeInIndex = 0; path = GoDjTests.xctest; sourceTree = BUILT_PRODUCTS_DIR; };
		96F22A901FCCFF3600C5486D /* GoDjTests.swift */ = {isa = PBXFileReference; lastKnownFileType = sourcecode.swift; path = GoDjTests.swift; sourceTree = "<group>"; };
		96F22A921FCCFF3600C5486D /* Info.plist */ = {isa = PBXFileReference; lastKnownFileType = text.plist.xml; path = Info.plist; sourceTree = "<group>"; };
		96F22A971FCCFF3600C5486D /* GoDjUITests.xctest */ = {isa = PBXFileReference; explicitFileType = wrapper.cfbundle; includeInIndex = 0; path = GoDjUITests.xctest; sourceTree = BUILT_PRODUCTS_DIR; };
		96F22A9B1FCCFF3600C5486D /* GoDjUITests.swift */ = {isa = PBXFileReference; lastKnownFileType = sourcecode.swift; path = GoDjUITests.swift; sourceTree = "<group>"; };
		96F22A9D1FCCFF3600C5486D /* Info.plist */ = {isa = PBXFileReference; lastKnownFileType = text.plist.xml; path = Info.plist; sourceTree = "<group>"; };
		9D3F861D6F7C1583C0DBCF69 /* Pods-GoDj.debug.xcconfig */ = {isa = PBXFileReference; includeInIndex = 1; lastKnownFileType = text.xcconfig; name = "Pods-GoDj.debug.xcconfig"; path = "Pods/Target Support Files/Pods-GoDj/Pods-GoDj.debug.xcconfig"; sourceTree = "<group>"; };
		A22CF61B1D379EC56ECF9B4C /* Pods-GoDj-GoDjTests.release.xcconfig */ = {isa = PBXFileReference; includeInIndex = 1; lastKnownFileType = text.xcconfig; name = "Pods-GoDj-GoDjTests.release.xcconfig"; path = "Pods/Target Support Files/Pods-GoDj-GoDjTests/Pods-GoDj-GoDjTests.release.xcconfig"; sourceTree = "<group>"; };
		C6D9E231A9E5511E20C11488 /* Pods-GoDjTests.debug.xcconfig */ = {isa = PBXFileReference; includeInIndex = 1; lastKnownFileType = text.xcconfig; name = "Pods-GoDjTests.debug.xcconfig"; path = "Pods/Target Support Files/Pods-GoDjTests/Pods-GoDjTests.debug.xcconfig"; sourceTree = "<group>"; };
/* End PBXFileReference section */

/* Begin PBXFrameworksBuildPhase section */
		96F22A751FCCFF3600C5486D /* Frameworks */ = {
			isa = PBXFrameworksBuildPhase;
			buildActionMask = 2147483647;
			files = (
				E61C32E243A01327E714E886 /* Pods_GoDj.framework in Frameworks */,
			);
			runOnlyForDeploymentPostprocessing = 0;
		};
		96F22A891FCCFF3600C5486D /* Frameworks */ = {
			isa = PBXFrameworksBuildPhase;
			buildActionMask = 2147483647;
			files = (
				4486E920311C2E2516CAB98A /* Pods_GoDjTests.framework in Frameworks */,
				338B1A32FA76FEE411E6CACA /* Pods_GoDj_GoDjTests.framework in Frameworks */,
			);
			runOnlyForDeploymentPostprocessing = 0;
		};
		96F22A941FCCFF3600C5486D /* Frameworks */ = {
			isa = PBXFrameworksBuildPhase;
			buildActionMask = 2147483647;
			files = (
				3E4C1DFF35804D4DA567835B /* Pods_GoDjUITests.framework in Frameworks */,
			);
			runOnlyForDeploymentPostprocessing = 0;
		};
/* End PBXFrameworksBuildPhase section */

/* Begin PBXGroup section */
		841EA9BE1FD3B56C00DA1BA8 /* PDFs */ = {
			isa = PBXGroup;
			children = (
				841EA9BF1FD3B58B00DA1BA8 /* contractProposal.pdf */,
			);
			name = PDFs;
			path = "New Group";
			sourceTree = "<group>";
		};
		8E72D0E44A05E620F598B4B0 /* Frameworks */ = {
			isa = PBXGroup;
			children = (
				4A6C9C53750D4EFBF3739884 /* Pods_GoDj.framework */,
				1ADF19C9BF4F02AF44CA03E7 /* Pods_GoDjTests.framework */,
				33C94588925389F02DCED4ED /* Pods_GoDjUITests.framework */,
				7CFBA91C9BEC3C40096BFE84 /* Pods_GoDj_GoDjTests.framework */,
			);
			name = Frameworks;
			sourceTree = "<group>";
		};
		917BAC85250305F968E840EA /* Pods */ = {
			isa = PBXGroup;
			children = (
				9D3F861D6F7C1583C0DBCF69 /* Pods-GoDj.debug.xcconfig */,
				065DC422A7BF7B2DEBF3C91D /* Pods-GoDj.release.xcconfig */,
				C6D9E231A9E5511E20C11488 /* Pods-GoDjTests.debug.xcconfig */,
				7EBD3CCB03FBE149E7BD8719 /* Pods-GoDjTests.release.xcconfig */,
				2D14374D5F50085382780D8F /* Pods-GoDjUITests.debug.xcconfig */,
				0DB6A0B8C0C5EDDB5EDBC2AF /* Pods-GoDjUITests.release.xcconfig */,
				096B0B75EF986F9A703138BD /* Pods-GoDj-GoDjTests.debug.xcconfig */,
				A22CF61B1D379EC56ECF9B4C /* Pods-GoDj-GoDjTests.release.xcconfig */,
			);
			name = Pods;
			sourceTree = "<group>";
		};
		96435C601FD1AD8F00E87BA3 /* Model */ = {
			isa = PBXGroup;
			children = (
				969F3CF81FD451EE0054639C /* DJ.swift */,
				969F3CFA1FD45A730054639C /* Client.swift */,
				96C496E21FDE63AB003087DF /* FirebaseValidation.swift */,
			);
			path = Model;
			sourceTree = "<group>";
		};
		96435C611FD1AD9900E87BA3 /* View */ = {
			isa = PBXGroup;
			children = (
				969F3CF61FD394630054639C /* ColorCode.swift */,
				846E40DC1FDDE86700ED0EA9 /* ForgotUsernameView.swift */,
				846E40DE1FDDE87600ED0EA9 /* ForgotPasswordView.swift */,
				846E40DA1FDDE85900ED0EA9 /* SignUpView.swift */,
				96435C7C1FD1ECA800E87BA3 /* TextFieldView.swift */,
			);
			path = View;
			sourceTree = "<group>";
		};
		96435C621FD1ADA400E87BA3 /* Controller */ = {
			isa = PBXGroup;
			children = (
				841EA9BC1FD3A37F00DA1BA8 /* TCViewController.swift */,
				960495631FE1FD0300945FCD /* HomeViewController.swift */,
				96B8E8131FE5CD23009B6EE8 /* DJViewController.swift */,
				9646485D1FE5DB7C002F4C2D /* LeftSideMenuViewController.swift */,
				9646485F1FE5DC03002F4C2D /* LeftSideMenuTableViewCell.swift */,
				964648611FE5DD1D002F4C2D /* ViewController.swift */,
				964648631FE5DDB2002F4C2D /* RightSlideMenuViewController.swift */,
				964648651FE5DDE9002F4C2D /* RightSlideMenuTableViewCell.swift */,
				9646486B1FE750B9002F4C2D /* SettingsViewController.swift */,
			);
			path = Controller;
			sourceTree = "<group>";
		};
		9691EDCF1FCE398F00421737 /* Images */ = {
			isa = PBXGroup;
			children = (
				84B7E4171FD940150099C681 /* disc.png */,
				84B7E4151FD911E80099C681 /* gdTitle.png */,
				84B7E40F1FD90F390099C681 /* bar.png */,
				84B7E4111FD90F3A0099C681 /* loginBtn.png */,
				84B7E4101FD90F390099C681 /* slide.png */,
				84634B591FD2FFFB00B47737 /* bg.png */,
				84634B651FD2FFFD00B47737 /* checkBox.png */,
				84634B671FD2FFFE00B47737 /* checkmark.png */,
				84634B5F1FD2FFFC00B47737 /* checkmarkB.png */,
				841EA9C11FD3B8A000DA1BA8 /* closeBtn.png */,
				84634B881FD3177F00B47737 /* dropDown.png */,
				84634B5A1FD2FFFB00B47737 /* errorBoxBG.png */,
				84634B611FD2FFFD00B47737 /* fPswBtn.png */,
				84634B5C1FD2FFFC00B47737 /* fUsrnmBtn.png */,
				84634B681FD2FFFE00B47737 /* logo.png */,
				84634B601FD2FFFC00B47737 /* menuBtn.png */,
				84634B581FD2FFFB00B47737 /* navBarBG.png */,
				84634B641FD2FFFD00B47737 /* nextBtn.png */,
				84634B5B1FD2FFFC00B47737 /* notUserLogin.png */,
				84634B5E1FD2FFFC00B47737 /* setupBtn.png */,
				84634B5D1FD2FFFC00B47737 /* signUpBG.png */,
				84634B691FD2FFFE00B47737 /* signUpBtn.png */,
				84634B631FD2FFFD00B47737 /* signUpBtn2.png */,
				84634B661FD2FFFD00B47737 /* submitButton.png */,
				84634B6B1FD2FFFF00B47737 /* tcCellBG.png */,
				84634B621FD2FFFD00B47737 /* titleBG.png */,
				84634B6C1FD3000000B47737 /* uploadPicBtn.png */,
			);
			path = Images;
			sourceTree = "<group>";
		};
		96F22A6F1FCCFF3500C5486D = {
			isa = PBXGroup;
			children = (
				96F22A7A1FCCFF3600C5486D /* GoDj */,
				96F22A8F1FCCFF3600C5486D /* GoDjTests */,
				96F22A9A1FCCFF3600C5486D /* GoDjUITests */,
				96F22A791FCCFF3600C5486D /* Products */,
				917BAC85250305F968E840EA /* Pods */,
				8E72D0E44A05E620F598B4B0 /* Frameworks */,
			);
			sourceTree = "<group>";
		};
		96F22A791FCCFF3600C5486D /* Products */ = {
			isa = PBXGroup;
			children = (
				96F22A781FCCFF3600C5486D /* GoDj.app */,
				96F22A8C1FCCFF3600C5486D /* GoDjTests.xctest */,
				96F22A971FCCFF3600C5486D /* GoDjUITests.xctest */,
			);
			name = Products;
			sourceTree = "<group>";
		};
		96F22A7A1FCCFF3600C5486D /* GoDj */ = {
			isa = PBXGroup;
			children = (
				96435C601FD1AD8F00E87BA3 /* Model */,
				96435C611FD1AD9900E87BA3 /* View */,
				96435C621FD1ADA400E87BA3 /* Controller */,
				96F22A7B1FCCFF3600C5486D /* AppDelegate.swift */,
				96F22A7F1FCCFF3600C5486D /* Main.storyboard */,
				96F22A821FCCFF3600C5486D /* Assets.xcassets */,
				96F22A841FCCFF3600C5486D /* LaunchScreen.storyboard */,
				96F22A871FCCFF3600C5486D /* Info.plist */,
				841EA9BA1FD39DEA00DA1BA8 /* GoogleService-Info.plist */,
				96B8E80A1FE58ECB009B6EE8 /* GoDj-Bridging-Header.h */,
				96F164B21FE5CFBF00E327B6 /* SWRevealViewController.h */,
				96F164B11FE5CFBE00E327B6 /* SWRevealViewController.m */,
				9691EDCF1FCE398F00421737 /* Images */,
				841EA9BE1FD3B56C00DA1BA8 /* PDFs */,
			);
			path = GoDj;
			sourceTree = "<group>";
		};
		96F22A8F1FCCFF3600C5486D /* GoDjTests */ = {
			isa = PBXGroup;
			children = (
				96F22A901FCCFF3600C5486D /* GoDjTests.swift */,
				96F22A921FCCFF3600C5486D /* Info.plist */,
			);
			path = GoDjTests;
			sourceTree = "<group>";
		};
		96F22A9A1FCCFF3600C5486D /* GoDjUITests */ = {
			isa = PBXGroup;
			children = (
				96F22A9B1FCCFF3600C5486D /* GoDjUITests.swift */,
				96F22A9D1FCCFF3600C5486D /* Info.plist */,
			);
			path = GoDjUITests;
			sourceTree = "<group>";
		};
/* End PBXGroup section */

/* Begin PBXNativeTarget section */
		96F22A771FCCFF3600C5486D /* GoDj */ = {
			isa = PBXNativeTarget;
			buildConfigurationList = 96F22AA01FCCFF3600C5486D /* Build configuration list for PBXNativeTarget "GoDj" */;
			buildPhases = (
				097ADD6250EE6AFEF5583D5B /* [CP] Check Pods Manifest.lock */,
				96F22A741FCCFF3600C5486D /* Sources */,
				96F22A751FCCFF3600C5486D /* Frameworks */,
				96F22A761FCCFF3600C5486D /* Resources */,
				53B334BEBD1F35C9FDBFE14D /* [CP] Embed Pods Frameworks */,
				A6BAEAEDF2A284CCDB03446A /* [CP] Copy Pods Resources */,
			);
			buildRules = (
			);
			dependencies = (
			);
			name = GoDj;
			productName = GoDj;
			productReference = 96F22A781FCCFF3600C5486D /* GoDj.app */;
			productType = "com.apple.product-type.application";
		};
		96F22A8B1FCCFF3600C5486D /* GoDjTests */ = {
			isa = PBXNativeTarget;
			buildConfigurationList = 96F22AA31FCCFF3600C5486D /* Build configuration list for PBXNativeTarget "GoDjTests" */;
			buildPhases = (
				9A673E82E88B42AA27A31BA4 /* [CP] Check Pods Manifest.lock */,
				96F22A881FCCFF3600C5486D /* Sources */,
				96F22A891FCCFF3600C5486D /* Frameworks */,
				96F22A8A1FCCFF3600C5486D /* Resources */,
				32F0D10A2EAC8AB4AF89E920 /* [CP] Embed Pods Frameworks */,
				87818A730B07DF06A78C96B4 /* [CP] Copy Pods Resources */,
			);
			buildRules = (
			);
			dependencies = (
				96F22A8E1FCCFF3600C5486D /* PBXTargetDependency */,
			);
			name = GoDjTests;
			productName = GoDjTests;
			productReference = 96F22A8C1FCCFF3600C5486D /* GoDjTests.xctest */;
			productType = "com.apple.product-type.bundle.unit-test";
		};
		96F22A961FCCFF3600C5486D /* GoDjUITests */ = {
			isa = PBXNativeTarget;
			buildConfigurationList = 96F22AA61FCCFF3600C5486D /* Build configuration list for PBXNativeTarget "GoDjUITests" */;
			buildPhases = (
				27532A2B589CBC9501D5CBA9 /* [CP] Check Pods Manifest.lock */,
				96F22A931FCCFF3600C5486D /* Sources */,
				96F22A941FCCFF3600C5486D /* Frameworks */,
				96F22A951FCCFF3600C5486D /* Resources */,
				0631B841F750693FD8D8113A /* [CP] Embed Pods Frameworks */,
				0FE182D31D242C627E60C28C /* [CP] Copy Pods Resources */,
			);
			buildRules = (
			);
			dependencies = (
				96F22A991FCCFF3600C5486D /* PBXTargetDependency */,
			);
			name = GoDjUITests;
			productName = GoDjUITests;
			productReference = 96F22A971FCCFF3600C5486D /* GoDjUITests.xctest */;
			productType = "com.apple.product-type.bundle.ui-testing";
		};
/* End PBXNativeTarget section */

/* Begin PBXProject section */
		96F22A701FCCFF3500C5486D /* Project object */ = {
			isa = PBXProject;
			attributes = {
				LastSwiftUpdateCheck = 0900;
				LastUpgradeCheck = 0900;
				ORGANIZATIONNAME = Omega;
				TargetAttributes = {
					96F22A771FCCFF3600C5486D = {
						CreatedOnToolsVersion = 9.0;
						LastSwiftMigration = 0910;
						ProvisioningStyle = Automatic;
					};
					96F22A8B1FCCFF3600C5486D = {
						CreatedOnToolsVersion = 9.0;
						ProvisioningStyle = Automatic;
						TestTargetID = 96F22A771FCCFF3600C5486D;
					};
					96F22A961FCCFF3600C5486D = {
						CreatedOnToolsVersion = 9.0;
						ProvisioningStyle = Automatic;
						TestTargetID = 96F22A771FCCFF3600C5486D;
					};
				};
			};
			buildConfigurationList = 96F22A731FCCFF3500C5486D /* Build configuration list for PBXProject "GoDj" */;
			compatibilityVersion = "Xcode 8.0";
			developmentRegion = en;
			hasScannedForEncodings = 0;
			knownRegions = (
				en,
				Base,
			);
			mainGroup = 96F22A6F1FCCFF3500C5486D;
			productRefGroup = 96F22A791FCCFF3600C5486D /* Products */;
			projectDirPath = "";
			projectRoot = "";
			targets = (
				96F22A771FCCFF3600C5486D /* GoDj */,
				96F22A8B1FCCFF3600C5486D /* GoDjTests */,
				96F22A961FCCFF3600C5486D /* GoDjUITests */,
			);
		};
/* End PBXProject section */

/* Begin PBXResourcesBuildPhase section */
		96F22A761FCCFF3600C5486D /* Resources */ = {
			isa = PBXResourcesBuildPhase;
			buildActionMask = 2147483647;
			files = (
				841EA9C21FD3B8A100DA1BA8 /* closeBtn.png in Resources */,
				84634B891FD3178000B47737 /* dropDown.png in Resources */,
				84634B6E1FD3000000B47737 /* bg.png in Resources */,
				84634B791FD3000000B47737 /* nextBtn.png in Resources */,
				96F22A861FCCFF3600C5486D /* LaunchScreen.storyboard in Resources */,
				96F22A831FCCFF3600C5486D /* Assets.xcassets in Resources */,
				84634B781FD3000000B47737 /* signUpBtn2.png in Resources */,
				84634B7E1FD3000000B47737 /* signUpBtn.png in Resources */,
				84634B771FD3000000B47737 /* titleBG.png in Resources */,
				84634B811FD3000000B47737 /* uploadPicBtn.png in Resources */,
				84634B761FD3000000B47737 /* fPswBtn.png in Resources */,
				84B7E4121FD90F3A0099C681 /* bar.png in Resources */,
				841EA9BB1FD39DEB00DA1BA8 /* GoogleService-Info.plist in Resources */,
				84634B721FD3000000B47737 /* signUpBG.png in Resources */,
				84634B701FD3000000B47737 /* notUserLogin.png in Resources */,
				84634B741FD3000000B47737 /* checkmarkB.png in Resources */,
				84634B6D1FD3000000B47737 /* navBarBG.png in Resources */,
				84634B7B1FD3000000B47737 /* submitButton.png in Resources */,
				84634B801FD3000000B47737 /* tcCellBG.png in Resources */,
				84634B751FD3000000B47737 /* menuBtn.png in Resources */,
				841EA9C01FD3B58B00DA1BA8 /* contractProposal.pdf in Resources */,
				96F22A811FCCFF3600C5486D /* Main.storyboard in Resources */,
				84B7E4161FD911E80099C681 /* gdTitle.png in Resources */,
				84634B7A1FD3000000B47737 /* checkBox.png in Resources */,
				84B7E4131FD90F3A0099C681 /* slide.png in Resources */,
				84634B6F1FD3000000B47737 /* errorBoxBG.png in Resources */,
				84634B7D1FD3000000B47737 /* logo.png in Resources */,
				84B7E4141FD90F3A0099C681 /* loginBtn.png in Resources */,
				84634B731FD3000000B47737 /* setupBtn.png in Resources */,
				84634B711FD3000000B47737 /* fUsrnmBtn.png in Resources */,
				84B7E4181FD940150099C681 /* disc.png in Resources */,
				84634B7C1FD3000000B47737 /* checkmark.png in Resources */,
			);
			runOnlyForDeploymentPostprocessing = 0;
		};
		96F22A8A1FCCFF3600C5486D /* Resources */ = {
			isa = PBXResourcesBuildPhase;
			buildActionMask = 2147483647;
			files = (
			);
			runOnlyForDeploymentPostprocessing = 0;
		};
		96F22A951FCCFF3600C5486D /* Resources */ = {
			isa = PBXResourcesBuildPhase;
			buildActionMask = 2147483647;
			files = (
			);
			runOnlyForDeploymentPostprocessing = 0;
		};
/* End PBXResourcesBuildPhase section */

/* Begin PBXShellScriptBuildPhase section */
		0631B841F750693FD8D8113A /* [CP] Embed Pods Frameworks */ = {
			isa = PBXShellScriptBuildPhase;
			buildActionMask = 2147483647;
			files = (
			);
			inputPaths = (
			);
			name = "[CP] Embed Pods Frameworks";
			outputPaths = (
			);
			runOnlyForDeploymentPostprocessing = 0;
			shellPath = /bin/sh;
			shellScript = "\"${SRCROOT}/Pods/Target Support Files/Pods-GoDjUITests/Pods-GoDjUITests-frameworks.sh\"\n";
			showEnvVarsInLog = 0;
		};
		097ADD6250EE6AFEF5583D5B /* [CP] Check Pods Manifest.lock */ = {
			isa = PBXShellScriptBuildPhase;
			buildActionMask = 2147483647;
			files = (
			);
			inputPaths = (
				"${PODS_PODFILE_DIR_PATH}/Podfile.lock",
				"${PODS_ROOT}/Manifest.lock",
			);
			name = "[CP] Check Pods Manifest.lock";
			outputPaths = (
				"$(DERIVED_FILE_DIR)/Pods-GoDj-checkManifestLockResult.txt",
			);
			runOnlyForDeploymentPostprocessing = 0;
			shellPath = /bin/sh;
			shellScript = "diff \"${PODS_PODFILE_DIR_PATH}/Podfile.lock\" \"${PODS_ROOT}/Manifest.lock\" > /dev/null\nif [ $? != 0 ] ; then\n    # print error to STDERR\n    echo \"error: The sandbox is not in sync with the Podfile.lock. Run 'pod install' or update your CocoaPods installation.\" >&2\n    exit 1\nfi\n# This output is used by Xcode 'outputs' to avoid re-running this script phase.\necho \"SUCCESS\" > \"${SCRIPT_OUTPUT_FILE_0}\"\n";
			showEnvVarsInLog = 0;
		};
		0FE182D31D242C627E60C28C /* [CP] Copy Pods Resources */ = {
			isa = PBXShellScriptBuildPhase;
			buildActionMask = 2147483647;
			files = (
			);
			inputPaths = (
			);
			name = "[CP] Copy Pods Resources";
			outputPaths = (
			);
			runOnlyForDeploymentPostprocessing = 0;
			shellPath = /bin/sh;
			shellScript = "\"${SRCROOT}/Pods/Target Support Files/Pods-GoDjUITests/Pods-GoDjUITests-resources.sh\"\n";
			showEnvVarsInLog = 0;
		};
		27532A2B589CBC9501D5CBA9 /* [CP] Check Pods Manifest.lock */ = {
			isa = PBXShellScriptBuildPhase;
			buildActionMask = 2147483647;
			files = (
			);
			inputPaths = (
				"${PODS_PODFILE_DIR_PATH}/Podfile.lock",
				"${PODS_ROOT}/Manifest.lock",
			);
			name = "[CP] Check Pods Manifest.lock";
			outputPaths = (
				"$(DERIVED_FILE_DIR)/Pods-GoDjUITests-checkManifestLockResult.txt",
			);
			runOnlyForDeploymentPostprocessing = 0;
			shellPath = /bin/sh;
			shellScript = "diff \"${PODS_PODFILE_DIR_PATH}/Podfile.lock\" \"${PODS_ROOT}/Manifest.lock\" > /dev/null\nif [ $? != 0 ] ; then\n    # print error to STDERR\n    echo \"error: The sandbox is not in sync with the Podfile.lock. Run 'pod install' or update your CocoaPods installation.\" >&2\n    exit 1\nfi\n# This output is used by Xcode 'outputs' to avoid re-running this script phase.\necho \"SUCCESS\" > \"${SCRIPT_OUTPUT_FILE_0}\"\n";
			showEnvVarsInLog = 0;
		};
		32F0D10A2EAC8AB4AF89E920 /* [CP] Embed Pods Frameworks */ = {
			isa = PBXShellScriptBuildPhase;
			buildActionMask = 2147483647;
			files = (
			);
			inputPaths = (
				"${SRCROOT}/Pods/Target Support Files/Pods-GoDjTests/Pods-GoDjTests-frameworks.sh",
				"${BUILT_PRODUCTS_DIR}/SwiftKeychainWrapper/SwiftKeychainWrapper.framework",
			);
			name = "[CP] Embed Pods Frameworks";
			outputPaths = (
				"${TARGET_BUILD_DIR}/${FRAMEWORKS_FOLDER_PATH}/SwiftKeychainWrapper.framework",
			);
			runOnlyForDeploymentPostprocessing = 0;
			shellPath = /bin/sh;
			shellScript = "\"${SRCROOT}/Pods/Target Support Files/Pods-GoDjTests/Pods-GoDjTests-frameworks.sh\"\n";
			showEnvVarsInLog = 0;
		};
		53B334BEBD1F35C9FDBFE14D /* [CP] Embed Pods Frameworks */ = {
			isa = PBXShellScriptBuildPhase;
			buildActionMask = 2147483647;
			files = (
			);
			inputPaths = (
				"${SRCROOT}/Pods/Target Support Files/Pods-GoDj/Pods-GoDj-frameworks.sh",
				"${BUILT_PRODUCTS_DIR}/Alamofire/Alamofire.framework",
				"${BUILT_PRODUCTS_DIR}/AlamofireImage/AlamofireImage.framework",
				"${BUILT_PRODUCTS_DIR}/GTMSessionFetcher/GTMSessionFetcher.framework",
				"${BUILT_PRODUCTS_DIR}/GoogleToolboxForMac/GoogleToolboxForMac.framework",
				"${BUILT_PRODUCTS_DIR}/KeychainSwift/KeychainSwift.framework",
				"${BUILT_PRODUCTS_DIR}/PBRevealViewController/PBRevealViewController.framework",
				"${BUILT_PRODUCTS_DIR}/Protobuf/Protobuf.framework",
				"${BUILT_PRODUCTS_DIR}/SDWebImage/SDWebImage.framework",
				"${BUILT_PRODUCTS_DIR}/SwiftKeychainWrapper/SwiftKeychainWrapper.framework",
				"${BUILT_PRODUCTS_DIR}/nanopb/nanopb.framework",
			);
			name = "[CP] Embed Pods Frameworks";
			outputPaths = (
				"${TARGET_BUILD_DIR}/${FRAMEWORKS_FOLDER_PATH}/Alamofire.framework",
				"${TARGET_BUILD_DIR}/${FRAMEWORKS_FOLDER_PATH}/AlamofireImage.framework",
				"${TARGET_BUILD_DIR}/${FRAMEWORKS_FOLDER_PATH}/GTMSessionFetcher.framework",
				"${TARGET_BUILD_DIR}/${FRAMEWORKS_FOLDER_PATH}/GoogleToolboxForMac.framework",
				"${TARGET_BUILD_DIR}/${FRAMEWORKS_FOLDER_PATH}/KeychainSwift.framework",
				"${TARGET_BUILD_DIR}/${FRAMEWORKS_FOLDER_PATH}/PBRevealViewController.framework",
				"${TARGET_BUILD_DIR}/${FRAMEWORKS_FOLDER_PATH}/Protobuf.framework",
				"${TARGET_BUILD_DIR}/${FRAMEWORKS_FOLDER_PATH}/SDWebImage.framework",
				"${TARGET_BUILD_DIR}/${FRAMEWORKS_FOLDER_PATH}/SwiftKeychainWrapper.framework",
				"${TARGET_BUILD_DIR}/${FRAMEWORKS_FOLDER_PATH}/nanopb.framework",
			);
			runOnlyForDeploymentPostprocessing = 0;
			shellPath = /bin/sh;
			shellScript = "\"${SRCROOT}/Pods/Target Support Files/Pods-GoDj/Pods-GoDj-frameworks.sh\"\n";
			showEnvVarsInLog = 0;
		};
		87818A730B07DF06A78C96B4 /* [CP] Copy Pods Resources */ = {
			isa = PBXShellScriptBuildPhase;
			buildActionMask = 2147483647;
			files = (
			);
			inputPaths = (
			);
			name = "[CP] Copy Pods Resources";
			outputPaths = (
			);
			runOnlyForDeploymentPostprocessing = 0;
			shellPath = /bin/sh;
			shellScript = "\"${SRCROOT}/Pods/Target Support Files/Pods-GoDjTests/Pods-GoDjTests-resources.sh\"\n";
			showEnvVarsInLog = 0;
		};
		9A673E82E88B42AA27A31BA4 /* [CP] Check Pods Manifest.lock */ = {
			isa = PBXShellScriptBuildPhase;
			buildActionMask = 2147483647;
			files = (
			);
			inputPaths = (
				"${PODS_PODFILE_DIR_PATH}/Podfile.lock",
				"${PODS_ROOT}/Manifest.lock",
			);
			name = "[CP] Check Pods Manifest.lock";
			outputPaths = (
				"$(DERIVED_FILE_DIR)/Pods-GoDjTests-checkManifestLockResult.txt",
			);
			runOnlyForDeploymentPostprocessing = 0;
			shellPath = /bin/sh;
			shellScript = "diff \"${PODS_PODFILE_DIR_PATH}/Podfile.lock\" \"${PODS_ROOT}/Manifest.lock\" > /dev/null\nif [ $? != 0 ] ; then\n    # print error to STDERR\n    echo \"error: The sandbox is not in sync with the Podfile.lock. Run 'pod install' or update your CocoaPods installation.\" >&2\n    exit 1\nfi\n# This output is used by Xcode 'outputs' to avoid re-running this script phase.\necho \"SUCCESS\" > \"${SCRIPT_OUTPUT_FILE_0}\"\n";
			showEnvVarsInLog = 0;
		};
		A6BAEAEDF2A284CCDB03446A /* [CP] Copy Pods Resources */ = {
			isa = PBXShellScriptBuildPhase;
			buildActionMask = 2147483647;
			files = (
			);
			inputPaths = (
			);
			name = "[CP] Copy Pods Resources";
			outputPaths = (
			);
			runOnlyForDeploymentPostprocessing = 0;
			shellPath = /bin/sh;
			shellScript = "\"${SRCROOT}/Pods/Target Support Files/Pods-GoDj/Pods-GoDj-resources.sh\"\n";
			showEnvVarsInLog = 0;
		};
/* End PBXShellScriptBuildPhase section */

/* Begin PBXSourcesBuildPhase section */
		96F22A741FCCFF3600C5486D /* Sources */ = {
			isa = PBXSourcesBuildPhase;
			buildActionMask = 2147483647;
			files = (
				964648601FE5DC03002F4C2D /* LeftSideMenuTableViewCell.swift in Sources */,
				96F164B31FE5CFBF00E327B6 /* SWRevealViewController.m in Sources */,
				841EA9BD1FD3A37F00DA1BA8 /* TCViewController.swift in Sources */,
				96C496E31FDE63AB003087DF /* FirebaseValidation.swift in Sources */,
				969F3CFB1FD45A730054639C /* Client.swift in Sources */,
				9646486C1FE750B9002F4C2D /* SettingsViewController.swift in Sources */,
				969F3CF71FD394640054639C /* ColorCode.swift in Sources */,
				96F22A7C1FCCFF3600C5486D /* AppDelegate.swift in Sources */,
				9646485E1FE5DB7C002F4C2D /* LeftSideMenuViewController.swift in Sources */,
				846E40DB1FDDE85900ED0EA9 /* SignUpView.swift in Sources */,
				964648661FE5DDE9002F4C2D /* RightSlideMenuTableViewCell.swift in Sources */,
				96B8E8141FE5CD23009B6EE8 /* DJViewController.swift in Sources */,
				96435C7D1FD1ECA800E87BA3 /* TextFieldView.swift in Sources */,
				846E40DD1FDDE86700ED0EA9 /* ForgotUsernameView.swift in Sources */,
				846E40DF1FDDE87600ED0EA9 /* ForgotPasswordView.swift in Sources */,
				969F3CF91FD451EE0054639C /* DJ.swift in Sources */,
				964648641FE5DDB2002F4C2D /* RightSlideMenuViewController.swift in Sources */,
				964648621FE5DD1D002F4C2D /* ViewController.swift in Sources */,
				960495641FE1FD0300945FCD /* HomeViewController.swift in Sources */,
			);
			runOnlyForDeploymentPostprocessing = 0;
		};
		96F22A881FCCFF3600C5486D /* Sources */ = {
			isa = PBXSourcesBuildPhase;
			buildActionMask = 2147483647;
			files = (
				96F22A911FCCFF3600C5486D /* GoDjTests.swift in Sources */,
			);
			runOnlyForDeploymentPostprocessing = 0;
		};
		96F22A931FCCFF3600C5486D /* Sources */ = {
			isa = PBXSourcesBuildPhase;
			buildActionMask = 2147483647;
			files = (
				96F22A9C1FCCFF3600C5486D /* GoDjUITests.swift in Sources */,
			);
			runOnlyForDeploymentPostprocessing = 0;
		};
/* End PBXSourcesBuildPhase section */

/* Begin PBXTargetDependency section */
		96F22A8E1FCCFF3600C5486D /* PBXTargetDependency */ = {
			isa = PBXTargetDependency;
			target = 96F22A771FCCFF3600C5486D /* GoDj */;
			targetProxy = 96F22A8D1FCCFF3600C5486D /* PBXContainerItemProxy */;
		};
		96F22A991FCCFF3600C5486D /* PBXTargetDependency */ = {
			isa = PBXTargetDependency;
			target = 96F22A771FCCFF3600C5486D /* GoDj */;
			targetProxy = 96F22A981FCCFF3600C5486D /* PBXContainerItemProxy */;
		};
/* End PBXTargetDependency section */

/* Begin PBXVariantGroup section */
		96F22A7F1FCCFF3600C5486D /* Main.storyboard */ = {
			isa = PBXVariantGroup;
			children = (
				96F22A801FCCFF3600C5486D /* Base */,
			);
			name = Main.storyboard;
			sourceTree = "<group>";
		};
		96F22A841FCCFF3600C5486D /* LaunchScreen.storyboard */ = {
			isa = PBXVariantGroup;
			children = (
				96F22A851FCCFF3600C5486D /* Base */,
			);
			name = LaunchScreen.storyboard;
			sourceTree = "<group>";
		};
/* End PBXVariantGroup section */

/* Begin XCBuildConfiguration section */
		96F22A9E1FCCFF3600C5486D /* Debug */ = {
			isa = XCBuildConfiguration;
			buildSettings = {
				ALWAYS_SEARCH_USER_PATHS = NO;
				CLANG_ANALYZER_NONNULL = YES;
				CLANG_ANALYZER_NUMBER_OBJECT_CONVERSION = YES_AGGRESSIVE;
				CLANG_CXX_LANGUAGE_STANDARD = "gnu++14";
				CLANG_CXX_LIBRARY = "libc++";
				CLANG_ENABLE_MODULES = YES;
				CLANG_ENABLE_OBJC_ARC = YES;
				CLANG_WARN_BLOCK_CAPTURE_AUTORELEASING = YES;
				CLANG_WARN_BOOL_CONVERSION = YES;
				CLANG_WARN_COMMA = YES;
				CLANG_WARN_CONSTANT_CONVERSION = YES;
				CLANG_WARN_DIRECT_OBJC_ISA_USAGE = YES_ERROR;
				CLANG_WARN_DOCUMENTATION_COMMENTS = YES;
				CLANG_WARN_EMPTY_BODY = YES;
				CLANG_WARN_ENUM_CONVERSION = YES;
				CLANG_WARN_INFINITE_RECURSION = YES;
				CLANG_WARN_INT_CONVERSION = YES;
				CLANG_WARN_NON_LITERAL_NULL_CONVERSION = YES;
				CLANG_WARN_OBJC_LITERAL_CONVERSION = YES;
				CLANG_WARN_OBJC_ROOT_CLASS = YES_ERROR;
				CLANG_WARN_RANGE_LOOP_ANALYSIS = YES;
				CLANG_WARN_STRICT_PROTOTYPES = YES;
				CLANG_WARN_SUSPICIOUS_MOVE = YES;
				CLANG_WARN_UNGUARDED_AVAILABILITY = YES_AGGRESSIVE;
				CLANG_WARN_UNREACHABLE_CODE = YES;
				CLANG_WARN__DUPLICATE_METHOD_MATCH = YES;
				CODE_SIGN_IDENTITY = "iPhone Developer";
				COPY_PHASE_STRIP = NO;
				DEBUG_INFORMATION_FORMAT = dwarf;
				ENABLE_STRICT_OBJC_MSGSEND = YES;
				ENABLE_TESTABILITY = YES;
				GCC_C_LANGUAGE_STANDARD = gnu11;
				GCC_DYNAMIC_NO_PIC = NO;
				GCC_NO_COMMON_BLOCKS = YES;
				GCC_OPTIMIZATION_LEVEL = 0;
				GCC_PREPROCESSOR_DEFINITIONS = (
					"DEBUG=1",
					"$(inherited)",
				);
				GCC_WARN_64_TO_32_BIT_CONVERSION = YES;
				GCC_WARN_ABOUT_RETURN_TYPE = YES_ERROR;
				GCC_WARN_UNDECLARED_SELECTOR = YES;
				GCC_WARN_UNINITIALIZED_AUTOS = YES_AGGRESSIVE;
				GCC_WARN_UNUSED_FUNCTION = YES;
				GCC_WARN_UNUSED_VARIABLE = YES;
				IPHONEOS_DEPLOYMENT_TARGET = 11.0;
				MTL_ENABLE_DEBUG_INFO = YES;
				ONLY_ACTIVE_ARCH = YES;
				SDKROOT = iphoneos;
				SWIFT_ACTIVE_COMPILATION_CONDITIONS = DEBUG;
				SWIFT_OPTIMIZATION_LEVEL = "-Onone";
			};
			name = Debug;
		};
		96F22A9F1FCCFF3600C5486D /* Release */ = {
			isa = XCBuildConfiguration;
			buildSettings = {
				ALWAYS_SEARCH_USER_PATHS = NO;
				CLANG_ANALYZER_NONNULL = YES;
				CLANG_ANALYZER_NUMBER_OBJECT_CONVERSION = YES_AGGRESSIVE;
				CLANG_CXX_LANGUAGE_STANDARD = "gnu++14";
				CLANG_CXX_LIBRARY = "libc++";
				CLANG_ENABLE_MODULES = YES;
				CLANG_ENABLE_OBJC_ARC = YES;
				CLANG_WARN_BLOCK_CAPTURE_AUTORELEASING = YES;
				CLANG_WARN_BOOL_CONVERSION = YES;
				CLANG_WARN_COMMA = YES;
				CLANG_WARN_CONSTANT_CONVERSION = YES;
				CLANG_WARN_DIRECT_OBJC_ISA_USAGE = YES_ERROR;
				CLANG_WARN_DOCUMENTATION_COMMENTS = YES;
				CLANG_WARN_EMPTY_BODY = YES;
				CLANG_WARN_ENUM_CONVERSION = YES;
				CLANG_WARN_INFINITE_RECURSION = YES;
				CLANG_WARN_INT_CONVERSION = YES;
				CLANG_WARN_NON_LITERAL_NULL_CONVERSION = YES;
				CLANG_WARN_OBJC_LITERAL_CONVERSION = YES;
				CLANG_WARN_OBJC_ROOT_CLASS = YES_ERROR;
				CLANG_WARN_RANGE_LOOP_ANALYSIS = YES;
				CLANG_WARN_STRICT_PROTOTYPES = YES;
				CLANG_WARN_SUSPICIOUS_MOVE = YES;
				CLANG_WARN_UNGUARDED_AVAILABILITY = YES_AGGRESSIVE;
				CLANG_WARN_UNREACHABLE_CODE = YES;
				CLANG_WARN__DUPLICATE_METHOD_MATCH = YES;
				CODE_SIGN_IDENTITY = "iPhone Developer";
				COPY_PHASE_STRIP = NO;
				DEBUG_INFORMATION_FORMAT = "dwarf-with-dsym";
				ENABLE_NS_ASSERTIONS = NO;
				ENABLE_STRICT_OBJC_MSGSEND = YES;
				GCC_C_LANGUAGE_STANDARD = gnu11;
				GCC_NO_COMMON_BLOCKS = YES;
				GCC_WARN_64_TO_32_BIT_CONVERSION = YES;
				GCC_WARN_ABOUT_RETURN_TYPE = YES_ERROR;
				GCC_WARN_UNDECLARED_SELECTOR = YES;
				GCC_WARN_UNINITIALIZED_AUTOS = YES_AGGRESSIVE;
				GCC_WARN_UNUSED_FUNCTION = YES;
				GCC_WARN_UNUSED_VARIABLE = YES;
				IPHONEOS_DEPLOYMENT_TARGET = 11.0;
				MTL_ENABLE_DEBUG_INFO = NO;
				SDKROOT = iphoneos;
				SWIFT_OPTIMIZATION_LEVEL = "-Owholemodule";
				VALIDATE_PRODUCT = YES;
			};
			name = Release;
		};
		96F22AA11FCCFF3600C5486D /* Debug */ = {
			isa = XCBuildConfiguration;
			baseConfigurationReference = 9D3F861D6F7C1583C0DBCF69 /* Pods-GoDj.debug.xcconfig */;
			buildSettings = {
				ASSETCATALOG_COMPILER_APPICON_NAME = AppIcon;
				CLANG_ENABLE_MODULES = YES;
				CODE_SIGN_STYLE = Automatic;
				DEVELOPMENT_TEAM = WAHTQEJFLW;
				INFOPLIST_FILE = GoDj/Info.plist;
				LD_RUNPATH_SEARCH_PATHS = "$(inherited) @executable_path/Frameworks";
				PRODUCT_BUNDLE_IDENTIFIER = "-ZK15.GoDj";
				PRODUCT_NAME = "$(TARGET_NAME)";
				SWIFT_OBJC_BRIDGING_HEADER = "GoDj/GoDj-Bridging-Header.h";
				SWIFT_OPTIMIZATION_LEVEL = "-Onone";
				SWIFT_VERSION = 4.0;
				TARGETED_DEVICE_FAMILY = "1,2";
			};
			name = Debug;
		};
		96F22AA21FCCFF3600C5486D /* Release */ = {
			isa = XCBuildConfiguration;
			baseConfigurationReference = 065DC422A7BF7B2DEBF3C91D /* Pods-GoDj.release.xcconfig */;
			buildSettings = {
				ASSETCATALOG_COMPILER_APPICON_NAME = AppIcon;
				CLANG_ENABLE_MODULES = YES;
				CODE_SIGN_STYLE = Automatic;
				DEVELOPMENT_TEAM = WAHTQEJFLW;
				INFOPLIST_FILE = GoDj/Info.plist;
				LD_RUNPATH_SEARCH_PATHS = "$(inherited) @executable_path/Frameworks";
				PRODUCT_BUNDLE_IDENTIFIER = "-ZK15.GoDj";
				PRODUCT_NAME = "$(TARGET_NAME)";
				SWIFT_OBJC_BRIDGING_HEADER = "GoDj/GoDj-Bridging-Header.h";
				SWIFT_VERSION = 4.0;
				TARGETED_DEVICE_FAMILY = "1,2";
			};
			name = Release;
		};
		96F22AA41FCCFF3600C5486D /* Debug */ = {
			isa = XCBuildConfiguration;
			baseConfigurationReference = C6D9E231A9E5511E20C11488 /* Pods-GoDjTests.debug.xcconfig */;
			buildSettings = {
				ALWAYS_EMBED_SWIFT_STANDARD_LIBRARIES = YES;
				BUNDLE_LOADER = "$(TEST_HOST)";
				CODE_SIGN_STYLE = Automatic;
				DEVELOPMENT_TEAM = WAHTQEJFLW;
				INFOPLIST_FILE = GoDjTests/Info.plist;
				LD_RUNPATH_SEARCH_PATHS = "$(inherited) @executable_path/Frameworks @loader_path/Frameworks";
				PRODUCT_BUNDLE_IDENTIFIER = "-ZK15.GoDjTests";
				PRODUCT_NAME = "$(TARGET_NAME)";
				SWIFT_VERSION = 4.0;
				TARGETED_DEVICE_FAMILY = "1,2";
				TEST_HOST = "$(BUILT_PRODUCTS_DIR)/GoDj.app/GoDj";
			};
			name = Debug;
		};
		96F22AA51FCCFF3600C5486D /* Release */ = {
			isa = XCBuildConfiguration;
			baseConfigurationReference = 7EBD3CCB03FBE149E7BD8719 /* Pods-GoDjTests.release.xcconfig */;
			buildSettings = {
				ALWAYS_EMBED_SWIFT_STANDARD_LIBRARIES = YES;
				BUNDLE_LOADER = "$(TEST_HOST)";
				CODE_SIGN_STYLE = Automatic;
				DEVELOPMENT_TEAM = WAHTQEJFLW;
				INFOPLIST_FILE = GoDjTests/Info.plist;
				LD_RUNPATH_SEARCH_PATHS = "$(inherited) @executable_path/Frameworks @loader_path/Frameworks";
				PRODUCT_BUNDLE_IDENTIFIER = "-ZK15.GoDjTests";
				PRODUCT_NAME = "$(TARGET_NAME)";
				SWIFT_VERSION = 4.0;
				TARGETED_DEVICE_FAMILY = "1,2";
				TEST_HOST = "$(BUILT_PRODUCTS_DIR)/GoDj.app/GoDj";
			};
			name = Release;
		};
		96F22AA71FCCFF3600C5486D /* Debug */ = {
			isa = XCBuildConfiguration;
			baseConfigurationReference = 2D14374D5F50085382780D8F /* Pods-GoDjUITests.debug.xcconfig */;
			buildSettings = {
				ALWAYS_EMBED_SWIFT_STANDARD_LIBRARIES = YES;
				CODE_SIGN_STYLE = Automatic;
				DEVELOPMENT_TEAM = WAHTQEJFLW;
				INFOPLIST_FILE = GoDjUITests/Info.plist;
				LD_RUNPATH_SEARCH_PATHS = "$(inherited) @executable_path/Frameworks @loader_path/Frameworks";
				PRODUCT_BUNDLE_IDENTIFIER = "-ZK15.GoDjUITests";
				PRODUCT_NAME = "$(TARGET_NAME)";
				SWIFT_VERSION = 4.0;
				TARGETED_DEVICE_FAMILY = "1,2";
				TEST_TARGET_NAME = GoDj;
			};
			name = Debug;
		};
		96F22AA81FCCFF3600C5486D /* Release */ = {
			isa = XCBuildConfiguration;
			baseConfigurationReference = 0DB6A0B8C0C5EDDB5EDBC2AF /* Pods-GoDjUITests.release.xcconfig */;
			buildSettings = {
				ALWAYS_EMBED_SWIFT_STANDARD_LIBRARIES = YES;
				CODE_SIGN_STYLE = Automatic;
				DEVELOPMENT_TEAM = WAHTQEJFLW;
				INFOPLIST_FILE = GoDjUITests/Info.plist;
				LD_RUNPATH_SEARCH_PATHS = "$(inherited) @executable_path/Frameworks @loader_path/Frameworks";
				PRODUCT_BUNDLE_IDENTIFIER = "-ZK15.GoDjUITests";
				PRODUCT_NAME = "$(TARGET_NAME)";
				SWIFT_VERSION = 4.0;
				TARGETED_DEVICE_FAMILY = "1,2";
				TEST_TARGET_NAME = GoDj;
			};
			name = Release;
		};
/* End XCBuildConfiguration section */

/* Begin XCConfigurationList section */
		96F22A731FCCFF3500C5486D /* Build configuration list for PBXProject "GoDj" */ = {
			isa = XCConfigurationList;
			buildConfigurations = (
				96F22A9E1FCCFF3600C5486D /* Debug */,
				96F22A9F1FCCFF3600C5486D /* Release */,
			);
			defaultConfigurationIsVisible = 0;
			defaultConfigurationName = Release;
		};
		96F22AA01FCCFF3600C5486D /* Build configuration list for PBXNativeTarget "GoDj" */ = {
			isa = XCConfigurationList;
			buildConfigurations = (
				96F22AA11FCCFF3600C5486D /* Debug */,
				96F22AA21FCCFF3600C5486D /* Release */,
			);
			defaultConfigurationIsVisible = 0;
			defaultConfigurationName = Release;
		};
		96F22AA31FCCFF3600C5486D /* Build configuration list for PBXNativeTarget "GoDjTests" */ = {
			isa = XCConfigurationList;
			buildConfigurations = (
				96F22AA41FCCFF3600C5486D /* Debug */,
				96F22AA51FCCFF3600C5486D /* Release */,
			);
			defaultConfigurationIsVisible = 0;
			defaultConfigurationName = Release;
		};
		96F22AA61FCCFF3600C5486D /* Build configuration list for PBXNativeTarget "GoDjUITests" */ = {
			isa = XCConfigurationList;
			buildConfigurations = (
				96F22AA71FCCFF3600C5486D /* Debug */,
				96F22AA81FCCFF3600C5486D /* Release */,
			);
			defaultConfigurationIsVisible = 0;
			defaultConfigurationName = Release;
		};
/* End XCConfigurationList section */
	};
	rootObject = 96F22A701FCCFF3500C5486D /* Project object */;
}
