// !$*UTF8*$!
{
	archiveVersion = 1;
	classes = {
	};
	objectVersion = 48;
	objects = {

/* Begin PBXBuildFile section */
		96435C6E1FD1D84600E87BA3 /* HomeViewController.swift in Sources */ = {isa = PBXBuildFile; fileRef = 96435C6D1FD1D84600E87BA3 /* HomeViewController.swift */; };
		96435C7D1FD1ECA800E87BA3 /* TextFieldView.swift in Sources */ = {isa = PBXBuildFile; fileRef = 96435C7C1FD1ECA800E87BA3 /* TextFieldView.swift */; };
		96435C7F1FD23A5700E87BA3 /* SignUpBackground.png in Resources */ = {isa = PBXBuildFile; fileRef = 96435C7E1FD23A5600E87BA3 /* SignUpBackground.png */; };
		96435C811FD23F3F00E87BA3 /* SignUpButtonForForm.png in Resources */ = {isa = PBXBuildFile; fileRef = 96435C801FD23F3F00E87BA3 /* SignUpButtonForForm.png */; };
		96435C871FD246C600E87BA3 /* CloseButton.png in Resources */ = {isa = PBXBuildFile; fileRef = 96435C861FD246C600E87BA3 /* CloseButton.png */; };
		96435C891FD25CC200E87BA3 /* gdbg.png in Resources */ = {isa = PBXBuildFile; fileRef = 96435C881FD25CC200E87BA3 /* gdbg.png */; };
		96435C8B1FD25FFA00E87BA3 /* TermsAndConditionsHeader.png in Resources */ = {isa = PBXBuildFile; fileRef = 96435C8A1FD25FF900E87BA3 /* TermsAndConditionsHeader.png */; };
		96435C8D1FD260E000E87BA3 /* NextButton.png in Resources */ = {isa = PBXBuildFile; fileRef = 96435C8C1FD260E000E87BA3 /* NextButton.png */; };
		96435C911FD2686900E87BA3 /* SWRevealViewController.m in Sources */ = {isa = PBXBuildFile; fileRef = 96435C901FD2686900E87BA3 /* SWRevealViewController.m */; };
		96435C971FD2779100E87BA3 /* MenuButton.png in Resources */ = {isa = PBXBuildFile; fileRef = 96435C961FD2779100E87BA3 /* MenuButton.png */; };
		96F22A7C1FCCFF3600C5486D /* AppDelegate.swift in Sources */ = {isa = PBXBuildFile; fileRef = 96F22A7B1FCCFF3600C5486D /* AppDelegate.swift */; };
		96F22A811FCCFF3600C5486D /* Main.storyboard in Resources */ = {isa = PBXBuildFile; fileRef = 96F22A7F1FCCFF3600C5486D /* Main.storyboard */; };
		96F22A831FCCFF3600C5486D /* Assets.xcassets in Resources */ = {isa = PBXBuildFile; fileRef = 96F22A821FCCFF3600C5486D /* Assets.xcassets */; };
		96F22A861FCCFF3600C5486D /* LaunchScreen.storyboard in Resources */ = {isa = PBXBuildFile; fileRef = 96F22A841FCCFF3600C5486D /* LaunchScreen.storyboard */; };
		96F22A911FCCFF3600C5486D /* GoDjTests.swift in Sources */ = {isa = PBXBuildFile; fileRef = 96F22A901FCCFF3600C5486D /* GoDjTests.swift */; };
		96F22A9C1FCCFF3600C5486D /* GoDjUITests.swift in Sources */ = {isa = PBXBuildFile; fileRef = 96F22A9B1FCCFF3600C5486D /* GoDjUITests.swift */; };
/* End PBXBuildFile section */

/* Begin PBXContainerItemProxy section */
		96F22A8D1FCCFF3600C5486D /* PBXContainerItemProxy */ = {
			isa = PBXContainerItemProxy;
			containerPortal = 96F22A701FCCFF3500C5486D /* Project object */;
			proxyType = 1;
			remoteGlobalIDString = 96F22A771FCCFF3600C5486D;
			remoteInfo = GoDj;
		};
		96F22A981FCCFF3600C5486D /* PBXContainerItemProxy */ = {
			isa = PBXContainerItemProxy;
			containerPortal = 96F22A701FCCFF3500C5486D /* Project object */;
			proxyType = 1;
			remoteGlobalIDString = 96F22A771FCCFF3600C5486D;
			remoteInfo = GoDj;
		};
/* End PBXContainerItemProxy section */

/* Begin PBXFileReference section */
		96435C6D1FD1D84600E87BA3 /* HomeViewController.swift */ = {isa = PBXFileReference; lastKnownFileType = sourcecode.swift; path = HomeViewController.swift; sourceTree = "<group>"; };
		96435C771FD1E45500E87BA3 /* ForgotPasswordbutton.png */ = {isa = PBXFileReference; lastKnownFileType = image.png; path = ForgotPasswordbutton.png; sourceTree = "<group>"; };
		96435C781FD1E45500E87BA3 /* ForgotUsernamButton.png */ = {isa = PBXFileReference; lastKnownFileType = image.png; path = ForgotUsernamButton.png; sourceTree = "<group>"; };
		96435C791FD1E45500E87BA3 /* SignUpButton.png */ = {isa = PBXFileReference; lastKnownFileType = image.png; path = SignUpButton.png; sourceTree = "<group>"; };
		96435C7A1FD1E45500E87BA3 /* Background.png */ = {isa = PBXFileReference; lastKnownFileType = image.png; path = Background.png; sourceTree = "<group>"; };
		96435C7B1FD1E45600E87BA3 /* submitButton.png */ = {isa = PBXFileReference; lastKnownFileType = image.png; path = submitButton.png; sourceTree = "<group>"; };
		96435C7C1FD1ECA800E87BA3 /* TextFieldView.swift */ = {isa = PBXFileReference; lastKnownFileType = sourcecode.swift; path = TextFieldView.swift; sourceTree = "<group>"; };
		96435C7E1FD23A5600E87BA3 /* SignUpBackground.png */ = {isa = PBXFileReference; lastKnownFileType = image.png; name = SignUpBackground.png; path = Images/SignUpBackground.png; sourceTree = SOURCE_ROOT; };
		96435C801FD23F3F00E87BA3 /* SignUpButtonForForm.png */ = {isa = PBXFileReference; lastKnownFileType = image.png; name = SignUpButtonForForm.png; path = Images/SignUpButtonForForm.png; sourceTree = SOURCE_ROOT; };
		96435C861FD246C600E87BA3 /* CloseButton.png */ = {isa = PBXFileReference; lastKnownFileType = image.png; name = CloseButton.png; path = Images/CloseButton.png; sourceTree = SOURCE_ROOT; };
		96435C881FD25CC200E87BA3 /* gdbg.png */ = {isa = PBXFileReference; lastKnownFileType = image.png; name = gdbg.png; path = Images/gdbg.png; sourceTree = SOURCE_ROOT; };
		96435C8A1FD25FF900E87BA3 /* TermsAndConditionsHeader.png */ = {isa = PBXFileReference; lastKnownFileType = image.png; name = TermsAndConditionsHeader.png; path = Images/TermsAndConditionsHeader.png; sourceTree = SOURCE_ROOT; };
		96435C8C1FD260E000E87BA3 /* NextButton.png */ = {isa = PBXFileReference; lastKnownFileType = image.png; name = NextButton.png; path = Images/NextButton.png; sourceTree = SOURCE_ROOT; };
		96435C8E1FD2686800E87BA3 /* GoDj-Bridging-Header.h */ = {isa = PBXFileReference; lastKnownFileType = sourcecode.c.h; path = "GoDj-Bridging-Header.h"; sourceTree = "<group>"; };
		96435C8F1FD2686900E87BA3 /* SWRevealViewController.h */ = {isa = PBXFileReference; fileEncoding = 4; lastKnownFileType = sourcecode.c.h; name = SWRevealViewController.h; path = ../../Downloads/SWRevealController/SWRevealViewController.h; sourceTree = "<group>"; };
		96435C901FD2686900E87BA3 /* SWRevealViewController.m */ = {isa = PBXFileReference; fileEncoding = 4; lastKnownFileType = sourcecode.c.objc; name = SWRevealViewController.m; path = ../../Downloads/SWRevealController/SWRevealViewController.m; sourceTree = "<group>"; };
		96435C961FD2779100E87BA3 /* MenuButton.png */ = {isa = PBXFileReference; lastKnownFileType = image.png; name = MenuButton.png; path = Images/MenuButton.png; sourceTree = SOURCE_ROOT; };
		96F22A781FCCFF3600C5486D /* GoDj.app */ = {isa = PBXFileReference; explicitFileType = wrapper.application; includeInIndex = 0; path = GoDj.app; sourceTree = BUILT_PRODUCTS_DIR; };
		96F22A7B1FCCFF3600C5486D /* AppDelegate.swift */ = {isa = PBXFileReference; lastKnownFileType = sourcecode.swift; path = AppDelegate.swift; sourceTree = "<group>"; };
		96F22A801FCCFF3600C5486D /* Base */ = {isa = PBXFileReference; lastKnownFileType = file.storyboard; name = Base; path = Base.lproj/Main.storyboard; sourceTree = "<group>"; };
		96F22A821FCCFF3600C5486D /* Assets.xcassets */ = {isa = PBXFileReference; lastKnownFileType = folder.assetcatalog; path = Assets.xcassets; sourceTree = "<group>"; };
		96F22A851FCCFF3600C5486D /* Base */ = {isa = PBXFileReference; lastKnownFileType = file.storyboard; name = Base; path = Base.lproj/LaunchScreen.storyboard; sourceTree = "<group>"; };
		96F22A871FCCFF3600C5486D /* Info.plist */ = {isa = PBXFileReference; lastKnownFileType = text.plist.xml; path = Info.plist; sourceTree = "<group>"; };
		96F22A8C1FCCFF3600C5486D /* GoDjTests.xctest */ = {isa = PBXFileReference; explicitFileType = wrapper.cfbundle; includeInIndex = 0; path = GoDjTests.xctest; sourceTree = BUILT_PRODUCTS_DIR; };
		96F22A901FCCFF3600C5486D /* GoDjTests.swift */ = {isa = PBXFileReference; lastKnownFileType = sourcecode.swift; path = GoDjTests.swift; sourceTree = "<group>"; };
		96F22A921FCCFF3600C5486D /* Info.plist */ = {isa = PBXFileReference; lastKnownFileType = text.plist.xml; path = Info.plist; sourceTree = "<group>"; };
		96F22A971FCCFF3600C5486D /* GoDjUITests.xctest */ = {isa = PBXFileReference; explicitFileType = wrapper.cfbundle; includeInIndex = 0; path = GoDjUITests.xctest; sourceTree = BUILT_PRODUCTS_DIR; };
		96F22A9B1FCCFF3600C5486D /* GoDjUITests.swift */ = {isa = PBXFileReference; lastKnownFileType = sourcecode.swift; path = GoDjUITests.swift; sourceTree = "<group>"; };
		96F22A9D1FCCFF3600C5486D /* Info.plist */ = {isa = PBXFileReference; lastKnownFileType = text.plist.xml; path = Info.plist; sourceTree = "<group>"; };
/* End PBXFileReference section */

/* Begin PBXFrameworksBuildPhase section */
		96F22A751FCCFF3600C5486D /* Frameworks */ = {
			isa = PBXFrameworksBuildPhase;
			buildActionMask = 2147483647;
			files = (
			);
			runOnlyForDeploymentPostprocessing = 0;
		};
		96F22A891FCCFF3600C5486D /* Frameworks */ = {
			isa = PBXFrameworksBuildPhase;
			buildActionMask = 2147483647;
			files = (
			);
			runOnlyForDeploymentPostprocessing = 0;
		};
		96F22A941FCCFF3600C5486D /* Frameworks */ = {
			isa = PBXFrameworksBuildPhase;
			buildActionMask = 2147483647;
			files = (
			);
			runOnlyForDeploymentPostprocessing = 0;
		};
/* End PBXFrameworksBuildPhase section */

/* Begin PBXGroup section */
		96435C601FD1AD8F00E87BA3 /* Model */ = {
			isa = PBXGroup;
			children = (
			);
			path = Model;
			sourceTree = "<group>";
		};
		96435C611FD1AD9900E87BA3 /* View */ = {
			isa = PBXGroup;
			children = (
				96435C7C1FD1ECA800E87BA3 /* TextFieldView.swift */,
			);
			path = View;
			sourceTree = "<group>";
		};
		96435C621FD1ADA400E87BA3 /* Controller */ = {
			isa = PBXGroup;
			children = (
				96435C6D1FD1D84600E87BA3 /* HomeViewController.swift */,
			);
			path = Controller;
			sourceTree = "<group>";
		};
		9691EDCF1FCE398F00421737 /* Images */ = {
			isa = PBXGroup;
			children = (
				96435C7E1FD23A5600E87BA3 /* SignUpBackground.png */,
				96435C7A1FD1E45500E87BA3 /* Background.png */,
				96435C771FD1E45500E87BA3 /* ForgotPasswordbutton.png */,
				96435C8A1FD25FF900E87BA3 /* TermsAndConditionsHeader.png */,
				96435C961FD2779100E87BA3 /* MenuButton.png */,
				96435C8C1FD260E000E87BA3 /* NextButton.png */,
				96435C881FD25CC200E87BA3 /* gdbg.png */,
				96435C861FD246C600E87BA3 /* CloseButton.png */,
				96435C781FD1E45500E87BA3 /* ForgotUsernamButton.png */,
				96435C7B1FD1E45600E87BA3 /* submitButton.png */,
				96435C791FD1E45500E87BA3 /* SignUpButton.png */,
				96435C801FD23F3F00E87BA3 /* SignUpButtonForForm.png */,
			);
			path = Images;
			sourceTree = "<group>";
		};
		96F22A6F1FCCFF3500C5486D = {
			isa = PBXGroup;
			children = (
				9691EDCF1FCE398F00421737 /* Images */,
				96F22A7A1FCCFF3600C5486D /* GoDj */,
				96F22A8F1FCCFF3600C5486D /* GoDjTests */,
				96F22A9A1FCCFF3600C5486D /* GoDjUITests */,
				96F22A791FCCFF3600C5486D /* Products */,
			);
			sourceTree = "<group>";
		};
		96F22A791FCCFF3600C5486D /* Products */ = {
			isa = PBXGroup;
			children = (
				96F22A781FCCFF3600C5486D /* GoDj.app */,
				96F22A8C1FCCFF3600C5486D /* GoDjTests.xctest */,
				96F22A971FCCFF3600C5486D /* GoDjUITests.xctest */,
			);
			name = Products;
			sourceTree = "<group>";
		};
		96F22A7A1FCCFF3600C5486D /* GoDj */ = {
			isa = PBXGroup;
			children = (
				96435C601FD1AD8F00E87BA3 /* Model */,
				96435C611FD1AD9900E87BA3 /* View */,
				96435C621FD1ADA400E87BA3 /* Controller */,
				96F22A7B1FCCFF3600C5486D /* AppDelegate.swift */,
				96F22A7F1FCCFF3600C5486D /* Main.storyboard */,
				96F22A821FCCFF3600C5486D /* Assets.xcassets */,
				96435C8F1FD2686900E87BA3 /* SWRevealViewController.h */,
				96435C901FD2686900E87BA3 /* SWRevealViewController.m */,
				96F22A841FCCFF3600C5486D /* LaunchScreen.storyboard */,
				96F22A871FCCFF3600C5486D /* Info.plist */,
				96435C8E1FD2686800E87BA3 /* GoDj-Bridging-Header.h */,
			);
			path = GoDj;
			sourceTree = "<group>";
		};
		96F22A8F1FCCFF3600C5486D /* GoDjTests */ = {
			isa = PBXGroup;
			children = (
				96F22A901FCCFF3600C5486D /* GoDjTests.swift */,
				96F22A921FCCFF3600C5486D /* Info.plist */,
			);
			path = GoDjTests;
			sourceTree = "<group>";
		};
		96F22A9A1FCCFF3600C5486D /* GoDjUITests */ = {
			isa = PBXGroup;
			children = (
				96F22A9B1FCCFF3600C5486D /* GoDjUITests.swift */,
				96F22A9D1FCCFF3600C5486D /* Info.plist */,
			);
			path = GoDjUITests;
			sourceTree = "<group>";
		};
/* End PBXGroup section */

/* Begin PBXNativeTarget section */
		96F22A771FCCFF3600C5486D /* GoDj */ = {
			isa = PBXNativeTarget;
			buildConfigurationList = 96F22AA01FCCFF3600C5486D /* Build configuration list for PBXNativeTarget "GoDj" */;
			buildPhases = (
				96F22A741FCCFF3600C5486D /* Sources */,
				96F22A751FCCFF3600C5486D /* Frameworks */,
				96F22A761FCCFF3600C5486D /* Resources */,
			);
			buildRules = (
			);
			dependencies = (
			);
			name = GoDj;
			productName = GoDj;
			productReference = 96F22A781FCCFF3600C5486D /* GoDj.app */;
			productType = "com.apple.product-type.application";
		};
		96F22A8B1FCCFF3600C5486D /* GoDjTests */ = {
			isa = PBXNativeTarget;
			buildConfigurationList = 96F22AA31FCCFF3600C5486D /* Build configuration list for PBXNativeTarget "GoDjTests" */;
			buildPhases = (
				96F22A881FCCFF3600C5486D /* Sources */,
				96F22A891FCCFF3600C5486D /* Frameworks */,
				96F22A8A1FCCFF3600C5486D /* Resources */,
			);
			buildRules = (
			);
			dependencies = (
				96F22A8E1FCCFF3600C5486D /* PBXTargetDependency */,
			);
			name = GoDjTests;
			productName = GoDjTests;
			productReference = 96F22A8C1FCCFF3600C5486D /* GoDjTests.xctest */;
			productType = "com.apple.product-type.bundle.unit-test";
		};
		96F22A961FCCFF3600C5486D /* GoDjUITests */ = {
			isa = PBXNativeTarget;
			buildConfigurationList = 96F22AA61FCCFF3600C5486D /* Build configuration list for PBXNativeTarget "GoDjUITests" */;
			buildPhases = (
				96F22A931FCCFF3600C5486D /* Sources */,
				96F22A941FCCFF3600C5486D /* Frameworks */,
				96F22A951FCCFF3600C5486D /* Resources */,
			);
			buildRules = (
			);
			dependencies = (
				96F22A991FCCFF3600C5486D /* PBXTargetDependency */,
			);
			name = GoDjUITests;
			productName = GoDjUITests;
			productReference = 96F22A971FCCFF3600C5486D /* GoDjUITests.xctest */;
			productType = "com.apple.product-type.bundle.ui-testing";
		};
/* End PBXNativeTarget section */

/* Begin PBXProject section */
		96F22A701FCCFF3500C5486D /* Project object */ = {
			isa = PBXProject;
			attributes = {
				LastSwiftUpdateCheck = 0900;
				LastUpgradeCheck = 0900;
				ORGANIZATIONNAME = Omega;
				TargetAttributes = {
					96F22A771FCCFF3600C5486D = {
						CreatedOnToolsVersion = 9.0;
						LastSwiftMigration = 0910;
						ProvisioningStyle = Automatic;
					};
					96F22A8B1FCCFF3600C5486D = {
						CreatedOnToolsVersion = 9.0;
						ProvisioningStyle = Automatic;
						TestTargetID = 96F22A771FCCFF3600C5486D;
					};
					96F22A961FCCFF3600C5486D = {
						CreatedOnToolsVersion = 9.0;
						ProvisioningStyle = Automatic;
						TestTargetID = 96F22A771FCCFF3600C5486D;
					};
				};
			};
			buildConfigurationList = 96F22A731FCCFF3500C5486D /* Build configuration list for PBXProject "GoDj" */;
			compatibilityVersion = "Xcode 8.0";
			developmentRegion = en;
			hasScannedForEncodings = 0;
			knownRegions = (
				en,
				Base,
			);
			mainGroup = 96F22A6F1FCCFF3500C5486D;
			productRefGroup = 96F22A791FCCFF3600C5486D /* Products */;
			projectDirPath = "";
			projectRoot = "";
			targets = (
				96F22A771FCCFF3600C5486D /* GoDj */,
				96F22A8B1FCCFF3600C5486D /* GoDjTests */,
				96F22A961FCCFF3600C5486D /* GoDjUITests */,
			);
		};
/* End PBXProject section */

/* Begin PBXResourcesBuildPhase section */
		96F22A761FCCFF3600C5486D /* Resources */ = {
			isa = PBXResourcesBuildPhase;
			buildActionMask = 2147483647;
			files = (
				96435C8B1FD25FFA00E87BA3 /* TermsAndConditionsHeader.png in Resources */,
				96435C871FD246C600E87BA3 /* CloseButton.png in Resources */,
				96F22A861FCCFF3600C5486D /* LaunchScreen.storyboard in Resources */,
				96435C7F1FD23A5700E87BA3 /* SignUpBackground.png in Resources */,
				96435C8D1FD260E000E87BA3 /* NextButton.png in Resources */,
				96435C891FD25CC200E87BA3 /* gdbg.png in Resources */,
				96435C971FD2779100E87BA3 /* MenuButton.png in Resources */,
				96F22A831FCCFF3600C5486D /* Assets.xcassets in Resources */,
				96435C811FD23F3F00E87BA3 /* SignUpButtonForForm.png in Resources */,
				96F22A811FCCFF3600C5486D /* Main.storyboard in Resources */,
			);
			runOnlyForDeploymentPostprocessing = 0;
		};
		96F22A8A1FCCFF3600C5486D /* Resources */ = {
			isa = PBXResourcesBuildPhase;
			buildActionMask = 2147483647;
			files = (
			);
			runOnlyForDeploymentPostprocessing = 0;
		};
		96F22A951FCCFF3600C5486D /* Resources */ = {
			isa = PBXResourcesBuildPhase;
			buildActionMask = 2147483647;
			files = (
			);
			runOnlyForDeploymentPostprocessing = 0;
		};
/* End PBXResourcesBuildPhase section */

/* Begin PBXSourcesBuildPhase section */
		96F22A741FCCFF3600C5486D /* Sources */ = {
			isa = PBXSourcesBuildPhase;
			buildActionMask = 2147483647;
			files = (
				96F22A7C1FCCFF3600C5486D /* AppDelegate.swift in Sources */,
				96435C7D1FD1ECA800E87BA3 /* TextFieldView.swift in Sources */,
				96435C6E1FD1D84600E87BA3 /* HomeViewController.swift in Sources */,
				96435C911FD2686900E87BA3 /* SWRevealViewController.m in Sources */,
			);
			runOnlyForDeploymentPostprocessing = 0;
		};
		96F22A881FCCFF3600C5486D /* Sources */ = {
			isa = PBXSourcesBuildPhase;
			buildActionMask = 2147483647;
			files = (
				96F22A911FCCFF3600C5486D /* GoDjTests.swift in Sources */,
			);
			runOnlyForDeploymentPostprocessing = 0;
		};
		96F22A931FCCFF3600C5486D /* Sources */ = {
			isa = PBXSourcesBuildPhase;
			buildActionMask = 2147483647;
			files = (
				96F22A9C1FCCFF3600C5486D /* GoDjUITests.swift in Sources */,
			);
			runOnlyForDeploymentPostprocessing = 0;
		};
/* End PBXSourcesBuildPhase section */

/* Begin PBXTargetDependency section */
		96F22A8E1FCCFF3600C5486D /* PBXTargetDependency */ = {
			isa = PBXTargetDependency;
			target = 96F22A771FCCFF3600C5486D /* GoDj */;
			targetProxy = 96F22A8D1FCCFF3600C5486D /* PBXContainerItemProxy */;
		};
		96F22A991FCCFF3600C5486D /* PBXTargetDependency */ = {
			isa = PBXTargetDependency;
			target = 96F22A771FCCFF3600C5486D /* GoDj */;
			targetProxy = 96F22A981FCCFF3600C5486D /* PBXContainerItemProxy */;
		};
/* End PBXTargetDependency section */

/* Begin PBXVariantGroup section */
		96F22A7F1FCCFF3600C5486D /* Main.storyboard */ = {
			isa = PBXVariantGroup;
			children = (
				96F22A801FCCFF3600C5486D /* Base */,
			);
			name = Main.storyboard;
			sourceTree = "<group>";
		};
		96F22A841FCCFF3600C5486D /* LaunchScreen.storyboard */ = {
			isa = PBXVariantGroup;
			children = (
				96F22A851FCCFF3600C5486D /* Base */,
			);
			name = LaunchScreen.storyboard;
			sourceTree = "<group>";
		};
/* End PBXVariantGroup section */

/* Begin XCBuildConfiguration section */
		96F22A9E1FCCFF3600C5486D /* Debug */ = {
			isa = XCBuildConfiguration;
			buildSettings = {
				ALWAYS_SEARCH_USER_PATHS = NO;
				CLANG_ANALYZER_NONNULL = YES;
				CLANG_ANALYZER_NUMBER_OBJECT_CONVERSION = YES_AGGRESSIVE;
				CLANG_CXX_LANGUAGE_STANDARD = "gnu++14";
				CLANG_CXX_LIBRARY = "libc++";
				CLANG_ENABLE_MODULES = YES;
				CLANG_ENABLE_OBJC_ARC = YES;
				CLANG_WARN_BLOCK_CAPTURE_AUTORELEASING = YES;
				CLANG_WARN_BOOL_CONVERSION = YES;
				CLANG_WARN_COMMA = YES;
				CLANG_WARN_CONSTANT_CONVERSION = YES;
				CLANG_WARN_DIRECT_OBJC_ISA_USAGE = YES_ERROR;
				CLANG_WARN_DOCUMENTATION_COMMENTS = YES;
				CLANG_WARN_EMPTY_BODY = YES;
				CLANG_WARN_ENUM_CONVERSION = YES;
				CLANG_WARN_INFINITE_RECURSION = YES;
				CLANG_WARN_INT_CONVERSION = YES;
				CLANG_WARN_NON_LITERAL_NULL_CONVERSION = YES;
				CLANG_WARN_OBJC_LITERAL_CONVERSION = YES;
				CLANG_WARN_OBJC_ROOT_CLASS = YES_ERROR;
				CLANG_WARN_RANGE_LOOP_ANALYSIS = YES;
				CLANG_WARN_STRICT_PROTOTYPES = YES;
				CLANG_WARN_SUSPICIOUS_MOVE = YES;
				CLANG_WARN_UNGUARDED_AVAILABILITY = YES_AGGRESSIVE;
				CLANG_WARN_UNREACHABLE_CODE = YES;
				CLANG_WARN__DUPLICATE_METHOD_MATCH = YES;
				CODE_SIGN_IDENTITY = "iPhone Developer";
				COPY_PHASE_STRIP = NO;
				DEBUG_INFORMATION_FORMAT = dwarf;
				ENABLE_STRICT_OBJC_MSGSEND = YES;
				ENABLE_TESTABILITY = YES;
				GCC_C_LANGUAGE_STANDARD = gnu11;
				GCC_DYNAMIC_NO_PIC = NO;
				GCC_NO_COMMON_BLOCKS = YES;
				GCC_OPTIMIZATION_LEVEL = 0;
				GCC_PREPROCESSOR_DEFINITIONS = (
					"DEBUG=1",
					"$(inherited)",
				);
				GCC_WARN_64_TO_32_BIT_CONVERSION = YES;
				GCC_WARN_ABOUT_RETURN_TYPE = YES_ERROR;
				GCC_WARN_UNDECLARED_SELECTOR = YES;
				GCC_WARN_UNINITIALIZED_AUTOS = YES_AGGRESSIVE;
				GCC_WARN_UNUSED_FUNCTION = YES;
				GCC_WARN_UNUSED_VARIABLE = YES;
				IPHONEOS_DEPLOYMENT_TARGET = 11.0;
				MTL_ENABLE_DEBUG_INFO = YES;
				ONLY_ACTIVE_ARCH = YES;
				SDKROOT = iphoneos;
				SWIFT_ACTIVE_COMPILATION_CONDITIONS = DEBUG;
				SWIFT_OPTIMIZATION_LEVEL = "-Onone";
			};
			name = Debug;
		};
		96F22A9F1FCCFF3600C5486D /* Release */ = {
			isa = XCBuildConfiguration;
			buildSettings = {
				ALWAYS_SEARCH_USER_PATHS = NO;
				CLANG_ANALYZER_NONNULL = YES;
				CLANG_ANALYZER_NUMBER_OBJECT_CONVERSION = YES_AGGRESSIVE;
				CLANG_CXX_LANGUAGE_STANDARD = "gnu++14";
				CLANG_CXX_LIBRARY = "libc++";
				CLANG_ENABLE_MODULES = YES;
				CLANG_ENABLE_OBJC_ARC = YES;
				CLANG_WARN_BLOCK_CAPTURE_AUTORELEASING = YES;
				CLANG_WARN_BOOL_CONVERSION = YES;
				CLANG_WARN_COMMA = YES;
				CLANG_WARN_CONSTANT_CONVERSION = YES;
				CLANG_WARN_DIRECT_OBJC_ISA_USAGE = YES_ERROR;
				CLANG_WARN_DOCUMENTATION_COMMENTS = YES;
				CLANG_WARN_EMPTY_BODY = YES;
				CLANG_WARN_ENUM_CONVERSION = YES;
				CLANG_WARN_INFINITE_RECURSION = YES;
				CLANG_WARN_INT_CONVERSION = YES;
				CLANG_WARN_NON_LITERAL_NULL_CONVERSION = YES;
				CLANG_WARN_OBJC_LITERAL_CONVERSION = YES;
				CLANG_WARN_OBJC_ROOT_CLASS = YES_ERROR;
				CLANG_WARN_RANGE_LOOP_ANALYSIS = YES;
				CLANG_WARN_STRICT_PROTOTYPES = YES;
				CLANG_WARN_SUSPICIOUS_MOVE = YES;
				CLANG_WARN_UNGUARDED_AVAILABILITY = YES_AGGRESSIVE;
				CLANG_WARN_UNREACHABLE_CODE = YES;
				CLANG_WARN__DUPLICATE_METHOD_MATCH = YES;
				CODE_SIGN_IDENTITY = "iPhone Developer";
				COPY_PHASE_STRIP = NO;
				DEBUG_INFORMATION_FORMAT = "dwarf-with-dsym";
				ENABLE_NS_ASSERTIONS = NO;
				ENABLE_STRICT_OBJC_MSGSEND = YES;
				GCC_C_LANGUAGE_STANDARD = gnu11;
				GCC_NO_COMMON_BLOCKS = YES;
				GCC_WARN_64_TO_32_BIT_CONVERSION = YES;
				GCC_WARN_ABOUT_RETURN_TYPE = YES_ERROR;
				GCC_WARN_UNDECLARED_SELECTOR = YES;
				GCC_WARN_UNINITIALIZED_AUTOS = YES_AGGRESSIVE;
				GCC_WARN_UNUSED_FUNCTION = YES;
				GCC_WARN_UNUSED_VARIABLE = YES;
				IPHONEOS_DEPLOYMENT_TARGET = 11.0;
				MTL_ENABLE_DEBUG_INFO = NO;
				SDKROOT = iphoneos;
				SWIFT_OPTIMIZATION_LEVEL = "-Owholemodule";
				VALIDATE_PRODUCT = YES;
			};
			name = Release;
		};
		96F22AA11FCCFF3600C5486D /* Debug */ = {
			isa = XCBuildConfiguration;
			buildSettings = {
				ASSETCATALOG_COMPILER_APPICON_NAME = AppIcon;
				CLANG_ENABLE_MODULES = YES;
				CODE_SIGN_STYLE = Automatic;
				DEVELOPMENT_TEAM = WAHTQEJFLW;
				INFOPLIST_FILE = GoDj/Info.plist;
				LD_RUNPATH_SEARCH_PATHS = "$(inherited) @executable_path/Frameworks";
				PRODUCT_BUNDLE_IDENTIFIER = "-ZK15.GoDj";
				PRODUCT_NAME = "$(TARGET_NAME)";
				SWIFT_OBJC_BRIDGING_HEADER = "GoDj/GoDj-Bridging-Header.h";
				SWIFT_OPTIMIZATION_LEVEL = "-Onone";
				SWIFT_VERSION = 4.0;
				TARGETED_DEVICE_FAMILY = "1,2";
			};
			name = Debug;
		};
		96F22AA21FCCFF3600C5486D /* Release */ = {
			isa = XCBuildConfiguration;
			buildSettings = {
				ASSETCATALOG_COMPILER_APPICON_NAME = AppIcon;
				CLANG_ENABLE_MODULES = YES;
				CODE_SIGN_STYLE = Automatic;
				DEVELOPMENT_TEAM = WAHTQEJFLW;
				INFOPLIST_FILE = GoDj/Info.plist;
				LD_RUNPATH_SEARCH_PATHS = "$(inherited) @executable_path/Frameworks";
				PRODUCT_BUNDLE_IDENTIFIER = "-ZK15.GoDj";
				PRODUCT_NAME = "$(TARGET_NAME)";
				SWIFT_OBJC_BRIDGING_HEADER = "GoDj/GoDj-Bridging-Header.h";
				SWIFT_VERSION = 4.0;
				TARGETED_DEVICE_FAMILY = "1,2";
			};
			name = Release;
		};
		96F22AA41FCCFF3600C5486D /* Debug */ = {
			isa = XCBuildConfiguration;
			buildSettings = {
				ALWAYS_EMBED_SWIFT_STANDARD_LIBRARIES = YES;
				BUNDLE_LOADER = "$(TEST_HOST)";
				CODE_SIGN_STYLE = Automatic;
				DEVELOPMENT_TEAM = WAHTQEJFLW;
				INFOPLIST_FILE = GoDjTests/Info.plist;
				LD_RUNPATH_SEARCH_PATHS = "$(inherited) @executable_path/Frameworks @loader_path/Frameworks";
				PRODUCT_BUNDLE_IDENTIFIER = "-ZK15.GoDjTests";
				PRODUCT_NAME = "$(TARGET_NAME)";
				SWIFT_VERSION = 4.0;
				TARGETED_DEVICE_FAMILY = "1,2";
				TEST_HOST = "$(BUILT_PRODUCTS_DIR)/GoDj.app/GoDj";
			};
			name = Debug;
		};
		96F22AA51FCCFF3600C5486D /* Release */ = {
			isa = XCBuildConfiguration;
			buildSettings = {
				ALWAYS_EMBED_SWIFT_STANDARD_LIBRARIES = YES;
				BUNDLE_LOADER = "$(TEST_HOST)";
				CODE_SIGN_STYLE = Automatic;
				DEVELOPMENT_TEAM = WAHTQEJFLW;
				INFOPLIST_FILE = GoDjTests/Info.plist;
				LD_RUNPATH_SEARCH_PATHS = "$(inherited) @executable_path/Frameworks @loader_path/Frameworks";
				PRODUCT_BUNDLE_IDENTIFIER = "-ZK15.GoDjTests";
				PRODUCT_NAME = "$(TARGET_NAME)";
				SWIFT_VERSION = 4.0;
				TARGETED_DEVICE_FAMILY = "1,2";
				TEST_HOST = "$(BUILT_PRODUCTS_DIR)/GoDj.app/GoDj";
			};
			name = Release;
		};
		96F22AA71FCCFF3600C5486D /* Debug */ = {
			isa = XCBuildConfiguration;
			buildSettings = {
				ALWAYS_EMBED_SWIFT_STANDARD_LIBRARIES = YES;
				CODE_SIGN_STYLE = Automatic;
				DEVELOPMENT_TEAM = WAHTQEJFLW;
				INFOPLIST_FILE = GoDjUITests/Info.plist;
				LD_RUNPATH_SEARCH_PATHS = "$(inherited) @executable_path/Frameworks @loader_path/Frameworks";
				PRODUCT_BUNDLE_IDENTIFIER = "-ZK15.GoDjUITests";
				PRODUCT_NAME = "$(TARGET_NAME)";
				SWIFT_VERSION = 4.0;
				TARGETED_DEVICE_FAMILY = "1,2";
				TEST_TARGET_NAME = GoDj;
			};
			name = Debug;
		};
		96F22AA81FCCFF3600C5486D /* Release */ = {
			isa = XCBuildConfiguration;
			buildSettings = {
				ALWAYS_EMBED_SWIFT_STANDARD_LIBRARIES = YES;
				CODE_SIGN_STYLE = Automatic;
				DEVELOPMENT_TEAM = WAHTQEJFLW;
				INFOPLIST_FILE = GoDjUITests/Info.plist;
				LD_RUNPATH_SEARCH_PATHS = "$(inherited) @executable_path/Frameworks @loader_path/Frameworks";
				PRODUCT_BUNDLE_IDENTIFIER = "-ZK15.GoDjUITests";
				PRODUCT_NAME = "$(TARGET_NAME)";
				SWIFT_VERSION = 4.0;
				TARGETED_DEVICE_FAMILY = "1,2";
				TEST_TARGET_NAME = GoDj;
			};
			name = Release;
		};
/* End XCBuildConfiguration section */

/* Begin XCConfigurationList section */
		96F22A731FCCFF3500C5486D /* Build configuration list for PBXProject "GoDj" */ = {
			isa = XCConfigurationList;
			buildConfigurations = (
				96F22A9E1FCCFF3600C5486D /* Debug */,
				96F22A9F1FCCFF3600C5486D /* Release */,
			);
			defaultConfigurationIsVisible = 0;
			defaultConfigurationName = Release;
		};
		96F22AA01FCCFF3600C5486D /* Build configuration list for PBXNativeTarget "GoDj" */ = {
			isa = XCConfigurationList;
			buildConfigurations = (
				96F22AA11FCCFF3600C5486D /* Debug */,
				96F22AA21FCCFF3600C5486D /* Release */,
			);
			defaultConfigurationIsVisible = 0;
			defaultConfigurationName = Release;
		};
		96F22AA31FCCFF3600C5486D /* Build configuration list for PBXNativeTarget "GoDjTests" */ = {
			isa = XCConfigurationList;
			buildConfigurations = (
				96F22AA41FCCFF3600C5486D /* Debug */,
				96F22AA51FCCFF3600C5486D /* Release */,
			);
			defaultConfigurationIsVisible = 0;
			defaultConfigurationName = Release;
		};
		96F22AA61FCCFF3600C5486D /* Build configuration list for PBXNativeTarget "GoDjUITests" */ = {
			isa = XCConfigurationList;
			buildConfigurations = (
				96F22AA71FCCFF3600C5486D /* Debug */,
				96F22AA81FCCFF3600C5486D /* Release */,
			);
			defaultConfigurationIsVisible = 0;
			defaultConfigurationName = Release;
		};
/* End XCConfigurationList section */
	};
	rootObject = 96F22A701FCCFF3500C5486D /* Project object */;
}
